// !$*UTF8*$!
{
	archiveVersion = 1;
	classes = {
	};
	objectVersion = 50;
	objects = {

/* Begin PBXBuildFile section */
		08491B6E20B01005008D93AA /* MVVM.framework in Frameworks */ = {isa = PBXBuildFile; fileRef = 08491B6420B01004008D93AA /* MVVM.framework */; };
		08491B7320B01005008D93AA /* MVVMTests.swift in Sources */ = {isa = PBXBuildFile; fileRef = 08491B7220B01005008D93AA /* MVVMTests.swift */; };
		08491B7520B01005008D93AA /* MVVM.h in Headers */ = {isa = PBXBuildFile; fileRef = 08491B6720B01004008D93AA /* MVVM.h */; settings = {ATTRIBUTES = (Public, ); }; };
		08491BBB20B01594008D93AA /* ViewModel.swift in Sources */ = {isa = PBXBuildFile; fileRef = 08491BBA20B01594008D93AA /* ViewModel.swift */; };
		08491BBD20B015E1008D93AA /* ViewModelProvider.swift in Sources */ = {isa = PBXBuildFile; fileRef = 08491BBC20B015E1008D93AA /* ViewModelProvider.swift */; };
		08491BBF20B015F1008D93AA /* ViewModelProviders.swift in Sources */ = {isa = PBXBuildFile; fileRef = 08491BBE20B015F1008D93AA /* ViewModelProviders.swift */; };
		08491BC120B01641008D93AA /* ViewModelFactory.swift in Sources */ = {isa = PBXBuildFile; fileRef = 08491BC020B01641008D93AA /* ViewModelFactory.swift */; };
		08491BC420B01684008D93AA /* SingleViewModelFactory.swift in Sources */ = {isa = PBXBuildFile; fileRef = 08491BC320B01684008D93AA /* SingleViewModelFactory.swift */; };
		08491BC620B0169E008D93AA /* CompositeViewModelFactory.swift in Sources */ = {isa = PBXBuildFile; fileRef = 08491BC520B0169E008D93AA /* CompositeViewModelFactory.swift */; };
		08491BC820B01A57008D93AA /* ViewModelStore.swift in Sources */ = {isa = PBXBuildFile; fileRef = 08491BC720B01A57008D93AA /* ViewModelStore.swift */; };
		08491BC920B01A6A008D93AA /* SingleViewModelFactory.swift in Sources */ = {isa = PBXBuildFile; fileRef = 08491BC320B01684008D93AA /* SingleViewModelFactory.swift */; };
		08491BCA20B01A6C008D93AA /* CompositeViewModelFactory.swift in Sources */ = {isa = PBXBuildFile; fileRef = 08491BC520B0169E008D93AA /* CompositeViewModelFactory.swift */; };
		08491BCB20B01A6F008D93AA /* ViewModel.swift in Sources */ = {isa = PBXBuildFile; fileRef = 08491BBA20B01594008D93AA /* ViewModel.swift */; };
		08491BCC20B01A72008D93AA /* ViewModelFactory.swift in Sources */ = {isa = PBXBuildFile; fileRef = 08491BC020B01641008D93AA /* ViewModelFactory.swift */; };
		08491BCD20B01A75008D93AA /* ViewModelProvider.swift in Sources */ = {isa = PBXBuildFile; fileRef = 08491BBC20B015E1008D93AA /* ViewModelProvider.swift */; };
		08491BCE20B01A77008D93AA /* ViewModelProviders.swift in Sources */ = {isa = PBXBuildFile; fileRef = 08491BBE20B015F1008D93AA /* ViewModelProviders.swift */; };
		08491BCF20B01A7A008D93AA /* ViewModelStore.swift in Sources */ = {isa = PBXBuildFile; fileRef = 08491BC720B01A57008D93AA /* ViewModelStore.swift */; };
		0853F7A5216D477000F1D4DF /* SingleViewModelFactory.swift in Sources */ = {isa = PBXBuildFile; fileRef = 08491BC320B01684008D93AA /* SingleViewModelFactory.swift */; };
		0853F7A6216D477000F1D4DF /* CompositeViewModelFactory.swift in Sources */ = {isa = PBXBuildFile; fileRef = 08491BC520B0169E008D93AA /* CompositeViewModelFactory.swift */; };
		0853F7A7216D477000F1D4DF /* InitializableViewModelFactory.swift in Sources */ = {isa = PBXBuildFile; fileRef = 08EBA2262163FC770012BDE8 /* InitializableViewModelFactory.swift */; };
		0853F7A8216D477000F1D4DF /* ViewModel.swift in Sources */ = {isa = PBXBuildFile; fileRef = 08491BBA20B01594008D93AA /* ViewModel.swift */; };
		0853F7A9216D477000F1D4DF /* ViewModelFactory.swift in Sources */ = {isa = PBXBuildFile; fileRef = 08491BC020B01641008D93AA /* ViewModelFactory.swift */; };
		0853F7AA216D477000F1D4DF /* ViewModelProvider.swift in Sources */ = {isa = PBXBuildFile; fileRef = 08491BBC20B015E1008D93AA /* ViewModelProvider.swift */; };
		0853F7AB216D477000F1D4DF /* ViewModelProviders.swift in Sources */ = {isa = PBXBuildFile; fileRef = 08491BBE20B015F1008D93AA /* ViewModelProviders.swift */; };
		0853F7AC216D477000F1D4DF /* ViewModelStore.swift in Sources */ = {isa = PBXBuildFile; fileRef = 08491BC720B01A57008D93AA /* ViewModelStore.swift */; };
		0853F7AD216D477000F1D4DF /* ViewModelStores.swift in Sources */ = {isa = PBXBuildFile; fileRef = 0856ED492162BC9900010557 /* ViewModelStores.swift */; };
		0853F7CA216D488000F1D4DF /* SingleViewModelFactory.swift in Sources */ = {isa = PBXBuildFile; fileRef = 08491BC320B01684008D93AA /* SingleViewModelFactory.swift */; };
		0853F7CB216D488000F1D4DF /* CompositeViewModelFactory.swift in Sources */ = {isa = PBXBuildFile; fileRef = 08491BC520B0169E008D93AA /* CompositeViewModelFactory.swift */; };
		0853F7CC216D488000F1D4DF /* InitializableViewModelFactory.swift in Sources */ = {isa = PBXBuildFile; fileRef = 08EBA2262163FC770012BDE8 /* InitializableViewModelFactory.swift */; };
		0853F7CD216D488000F1D4DF /* ViewModel.swift in Sources */ = {isa = PBXBuildFile; fileRef = 08491BBA20B01594008D93AA /* ViewModel.swift */; };
		0853F7CE216D488000F1D4DF /* ViewModelFactory.swift in Sources */ = {isa = PBXBuildFile; fileRef = 08491BC020B01641008D93AA /* ViewModelFactory.swift */; };
		0853F7CF216D488000F1D4DF /* ViewModelProvider.swift in Sources */ = {isa = PBXBuildFile; fileRef = 08491BBC20B015E1008D93AA /* ViewModelProvider.swift */; };
		0853F7D0216D488000F1D4DF /* ViewModelProviders.swift in Sources */ = {isa = PBXBuildFile; fileRef = 08491BBE20B015F1008D93AA /* ViewModelProviders.swift */; };
		0853F7D1216D488000F1D4DF /* ViewModelStore.swift in Sources */ = {isa = PBXBuildFile; fileRef = 08491BC720B01A57008D93AA /* ViewModelStore.swift */; };
		0853F7D2216D488000F1D4DF /* ViewModelStores.swift in Sources */ = {isa = PBXBuildFile; fileRef = 0856ED492162BC9900010557 /* ViewModelStores.swift */; };
		0853F7E0216D48F900F1D4DF /* SingleViewModelFactory.swift in Sources */ = {isa = PBXBuildFile; fileRef = 08491BC320B01684008D93AA /* SingleViewModelFactory.swift */; };
		0853F7E1216D48F900F1D4DF /* CompositeViewModelFactory.swift in Sources */ = {isa = PBXBuildFile; fileRef = 08491BC520B0169E008D93AA /* CompositeViewModelFactory.swift */; };
		0853F7E2216D48F900F1D4DF /* InitializableViewModelFactory.swift in Sources */ = {isa = PBXBuildFile; fileRef = 08EBA2262163FC770012BDE8 /* InitializableViewModelFactory.swift */; };
		0853F7E3216D48F900F1D4DF /* ViewModel.swift in Sources */ = {isa = PBXBuildFile; fileRef = 08491BBA20B01594008D93AA /* ViewModel.swift */; };
		0853F7E4216D48F900F1D4DF /* ViewModelFactory.swift in Sources */ = {isa = PBXBuildFile; fileRef = 08491BC020B01641008D93AA /* ViewModelFactory.swift */; };
		0853F7E5216D48F900F1D4DF /* ViewModelProvider.swift in Sources */ = {isa = PBXBuildFile; fileRef = 08491BBC20B015E1008D93AA /* ViewModelProvider.swift */; };
		0853F7E6216D48F900F1D4DF /* ViewModelProviders.swift in Sources */ = {isa = PBXBuildFile; fileRef = 08491BBE20B015F1008D93AA /* ViewModelProviders.swift */; };
		0853F7E7216D48F900F1D4DF /* ViewModelStore.swift in Sources */ = {isa = PBXBuildFile; fileRef = 08491BC720B01A57008D93AA /* ViewModelStore.swift */; };
		0853F7E8216D48F900F1D4DF /* ViewModelStores.swift in Sources */ = {isa = PBXBuildFile; fileRef = 0856ED492162BC9900010557 /* ViewModelStores.swift */; };
		0856ED4A2162BC9900010557 /* ViewModelStores.swift in Sources */ = {isa = PBXBuildFile; fileRef = 0856ED492162BC9900010557 /* ViewModelStores.swift */; };
		0856ED4B2162BC9900010557 /* ViewModelStores.swift in Sources */ = {isa = PBXBuildFile; fileRef = 0856ED492162BC9900010557 /* ViewModelStores.swift */; };
		08D9FB05217327470051606F /* MVVM.h in Headers */ = {isa = PBXBuildFile; fileRef = 08491B6720B01004008D93AA /* MVVM.h */; settings = {ATTRIBUTES = (Public, ); }; };
		08D9FB06217327470051606F /* MVVM.h in Headers */ = {isa = PBXBuildFile; fileRef = 08491B6720B01004008D93AA /* MVVM.h */; settings = {ATTRIBUTES = (Public, ); }; };
		08D9FB07217327490051606F /* MVVM.h in Headers */ = {isa = PBXBuildFile; fileRef = 08491B6720B01004008D93AA /* MVVM.h */; settings = {ATTRIBUTES = (Public, ); }; };
		08EBA2272163FC770012BDE8 /* InitializableViewModelFactory.swift in Sources */ = {isa = PBXBuildFile; fileRef = 08EBA2262163FC770012BDE8 /* InitializableViewModelFactory.swift */; };
		08EBA2282163FC770012BDE8 /* InitializableViewModelFactory.swift in Sources */ = {isa = PBXBuildFile; fileRef = 08EBA2262163FC770012BDE8 /* InitializableViewModelFactory.swift */; };
/* End PBXBuildFile section */

/* Begin PBXContainerItemProxy section */
		08491B6F20B01005008D93AA /* PBXContainerItemProxy */ = {
			isa = PBXContainerItemProxy;
			containerPortal = 08491B5B20B01004008D93AA /* Project object */;
			proxyType = 1;
			remoteGlobalIDString = 08491B6320B01004008D93AA;
			remoteInfo = MVVM;
		};
/* End PBXContainerItemProxy section */

/* Begin PBXFileReference section */
		08491B6420B01004008D93AA /* MVVM.framework */ = {isa = PBXFileReference; explicitFileType = wrapper.framework; includeInIndex = 0; path = MVVM.framework; sourceTree = BUILT_PRODUCTS_DIR; };
		08491B6720B01004008D93AA /* MVVM.h */ = {isa = PBXFileReference; lastKnownFileType = sourcecode.c.h; path = MVVM.h; sourceTree = "<group>"; };
		08491B6820B01004008D93AA /* Info.plist */ = {isa = PBXFileReference; lastKnownFileType = text.plist.xml; path = Info.plist; sourceTree = "<group>"; };
		08491B6D20B01005008D93AA /* MVVMTests.xctest */ = {isa = PBXFileReference; explicitFileType = wrapper.cfbundle; includeInIndex = 0; path = MVVMTests.xctest; sourceTree = BUILT_PRODUCTS_DIR; };
		08491B7220B01005008D93AA /* MVVMTests.swift */ = {isa = PBXFileReference; lastKnownFileType = sourcecode.swift; path = MVVMTests.swift; sourceTree = "<group>"; };
		08491B7420B01005008D93AA /* Info.plist */ = {isa = PBXFileReference; lastKnownFileType = text.plist.xml; path = Info.plist; sourceTree = "<group>"; };
		08491BBA20B01594008D93AA /* ViewModel.swift */ = {isa = PBXFileReference; lastKnownFileType = sourcecode.swift; path = ViewModel.swift; sourceTree = "<group>"; };
		08491BBC20B015E1008D93AA /* ViewModelProvider.swift */ = {isa = PBXFileReference; lastKnownFileType = sourcecode.swift; path = ViewModelProvider.swift; sourceTree = "<group>"; };
		08491BBE20B015F1008D93AA /* ViewModelProviders.swift */ = {isa = PBXFileReference; lastKnownFileType = sourcecode.swift; path = ViewModelProviders.swift; sourceTree = "<group>"; };
		08491BC020B01641008D93AA /* ViewModelFactory.swift */ = {isa = PBXFileReference; lastKnownFileType = sourcecode.swift; path = ViewModelFactory.swift; sourceTree = "<group>"; };
		08491BC320B01684008D93AA /* SingleViewModelFactory.swift */ = {isa = PBXFileReference; lastKnownFileType = sourcecode.swift; path = SingleViewModelFactory.swift; sourceTree = "<group>"; };
		08491BC520B0169E008D93AA /* CompositeViewModelFactory.swift */ = {isa = PBXFileReference; lastKnownFileType = sourcecode.swift; path = CompositeViewModelFactory.swift; sourceTree = "<group>"; };
		08491BC720B01A57008D93AA /* ViewModelStore.swift */ = {isa = PBXFileReference; lastKnownFileType = sourcecode.swift; path = ViewModelStore.swift; sourceTree = "<group>"; };
		0853F79D216D469900F1D4DF /* MVVM.framework */ = {isa = PBXFileReference; explicitFileType = wrapper.framework; includeInIndex = 0; path = MVVM.framework; sourceTree = BUILT_PRODUCTS_DIR; };
		0853F7B3216D484B00F1D4DF /* MVVM.framework */ = {isa = PBXFileReference; explicitFileType = wrapper.framework; includeInIndex = 0; path = MVVM.framework; sourceTree = BUILT_PRODUCTS_DIR; };
		0853F7D8216D48D300F1D4DF /* MVVM.framework */ = {isa = PBXFileReference; explicitFileType = wrapper.framework; includeInIndex = 0; path = MVVM.framework; sourceTree = BUILT_PRODUCTS_DIR; };
		0856ED492162BC9900010557 /* ViewModelStores.swift */ = {isa = PBXFileReference; lastKnownFileType = sourcecode.swift; path = ViewModelStores.swift; sourceTree = "<group>"; };
		08D9FAF12170F4920051606F /* README.md */ = {isa = PBXFileReference; lastKnownFileType = net.daringfireball.markdown; path = README.md; sourceTree = SOURCE_ROOT; };
		08EBA2262163FC770012BDE8 /* InitializableViewModelFactory.swift */ = {isa = PBXFileReference; lastKnownFileType = sourcecode.swift; path = InitializableViewModelFactory.swift; sourceTree = "<group>"; };
/* End PBXFileReference section */

/* Begin PBXFrameworksBuildPhase section */
		08491B6020B01004008D93AA /* Frameworks */ = {
			isa = PBXFrameworksBuildPhase;
			buildActionMask = 2147483647;
			files = (
			);
			runOnlyForDeploymentPostprocessing = 0;
		};
		08491B6A20B01005008D93AA /* Frameworks */ = {
			isa = PBXFrameworksBuildPhase;
			buildActionMask = 2147483647;
			files = (
				08491B6E20B01005008D93AA /* MVVM.framework in Frameworks */,
			);
			runOnlyForDeploymentPostprocessing = 0;
		};
		0853F799216D469900F1D4DF /* Frameworks */ = {
			isa = PBXFrameworksBuildPhase;
			buildActionMask = 2147483647;
			files = (
			);
			runOnlyForDeploymentPostprocessing = 0;
		};
		0853F7AF216D484B00F1D4DF /* Frameworks */ = {
			isa = PBXFrameworksBuildPhase;
			buildActionMask = 2147483647;
			files = (
			);
			runOnlyForDeploymentPostprocessing = 0;
		};
		0853F7D4216D48D300F1D4DF /* Frameworks */ = {
			isa = PBXFrameworksBuildPhase;
			buildActionMask = 2147483647;
			files = (
			);
			runOnlyForDeploymentPostprocessing = 0;
		};
/* End PBXFrameworksBuildPhase section */

/* Begin PBXGroup section */
		08491B5A20B01004008D93AA = {
			isa = PBXGroup;
			children = (
				08491B6620B01004008D93AA /* MVVM */,
				08491B7120B01005008D93AA /* MVVMTests */,
				08491B6520B01004008D93AA /* Products */,
			);
			sourceTree = "<group>";
		};
		08491B6520B01004008D93AA /* Products */ = {
			isa = PBXGroup;
			children = (
				08491B6420B01004008D93AA /* MVVM.framework */,
				08491B6D20B01005008D93AA /* MVVMTests.xctest */,
				0853F79D216D469900F1D4DF /* MVVM.framework */,
				0853F7B3216D484B00F1D4DF /* MVVM.framework */,
				0853F7D8216D48D300F1D4DF /* MVVM.framework */,
			);
			name = Products;
			sourceTree = "<group>";
		};
		08491B6620B01004008D93AA /* MVVM */ = {
			isa = PBXGroup;
			children = (
				08491B8920B010A5008D93AA /* Sources */,
				08491B6720B01004008D93AA /* MVVM.h */,
				08D9FAF12170F4920051606F /* README.md */,
				08491B6820B01004008D93AA /* Info.plist */,
			);
			path = MVVM;
			sourceTree = "<group>";
		};
		08491B7120B01005008D93AA /* MVVMTests */ = {
			isa = PBXGroup;
			children = (
				08491B7220B01005008D93AA /* MVVMTests.swift */,
				08491B7420B01005008D93AA /* Info.plist */,
			);
			path = MVVMTests;
			sourceTree = "<group>";
		};
		08491B8920B010A5008D93AA /* Sources */ = {
			isa = PBXGroup;
			children = (
				08491BC220B01668008D93AA /* Factories */,
				08491BBA20B01594008D93AA /* ViewModel.swift */,
				08491BC020B01641008D93AA /* ViewModelFactory.swift */,
				08491BBC20B015E1008D93AA /* ViewModelProvider.swift */,
				08491BBE20B015F1008D93AA /* ViewModelProviders.swift */,
				08491BC720B01A57008D93AA /* ViewModelStore.swift */,
				0856ED492162BC9900010557 /* ViewModelStores.swift */,
			);
			path = Sources;
			sourceTree = "<group>";
		};
		08491BC220B01668008D93AA /* Factories */ = {
			isa = PBXGroup;
			children = (
				08491BC320B01684008D93AA /* SingleViewModelFactory.swift */,
				08491BC520B0169E008D93AA /* CompositeViewModelFactory.swift */,
				08EBA2262163FC770012BDE8 /* InitializableViewModelFactory.swift */,
			);
			path = Factories;
			sourceTree = "<group>";
		};
/* End PBXGroup section */

/* Begin PBXHeadersBuildPhase section */
		08491B6120B01004008D93AA /* Headers */ = {
			isa = PBXHeadersBuildPhase;
			buildActionMask = 2147483647;
			files = (
				08491B7520B01005008D93AA /* MVVM.h in Headers */,
			);
			runOnlyForDeploymentPostprocessing = 0;
		};
		0853F79A216D469900F1D4DF /* Headers */ = {
			isa = PBXHeadersBuildPhase;
			buildActionMask = 2147483647;
			files = (
				08D9FB05217327470051606F /* MVVM.h in Headers */,
			);
			runOnlyForDeploymentPostprocessing = 0;
		};
		0853F7B0216D484B00F1D4DF /* Headers */ = {
			isa = PBXHeadersBuildPhase;
			buildActionMask = 2147483647;
			files = (
				08D9FB06217327470051606F /* MVVM.h in Headers */,
			);
			runOnlyForDeploymentPostprocessing = 0;
		};
		0853F7D5216D48D300F1D4DF /* Headers */ = {
			isa = PBXHeadersBuildPhase;
			buildActionMask = 2147483647;
			files = (
				08D9FB07217327490051606F /* MVVM.h in Headers */,
			);
			runOnlyForDeploymentPostprocessing = 0;
		};
/* End PBXHeadersBuildPhase section */

/* Begin PBXNativeTarget section */
		08491B6320B01004008D93AA /* MVVM-iOS */ = {
			isa = PBXNativeTarget;
			buildConfigurationList = 08491B7820B01005008D93AA /* Build configuration list for PBXNativeTarget "MVVM-iOS" */;
			buildPhases = (
				08491B5F20B01004008D93AA /* Sources */,
				08491B6020B01004008D93AA /* Frameworks */,
				08491B6120B01004008D93AA /* Headers */,
				08491B6220B01004008D93AA /* Resources */,
			);
			buildRules = (
			);
			dependencies = (
			);
			name = "MVVM-iOS";
			productName = MVVM;
			productReference = 08491B6420B01004008D93AA /* MVVM.framework */;
			productType = "com.apple.product-type.framework";
		};
		08491B6C20B01005008D93AA /* MVVMTests */ = {
			isa = PBXNativeTarget;
			buildConfigurationList = 08491B7B20B01005008D93AA /* Build configuration list for PBXNativeTarget "MVVMTests" */;
			buildPhases = (
				08491B6920B01005008D93AA /* Sources */,
				08491B6A20B01005008D93AA /* Frameworks */,
				08491B6B20B01005008D93AA /* Resources */,
			);
			buildRules = (
			);
			dependencies = (
				08491B7020B01005008D93AA /* PBXTargetDependency */,
			);
			name = MVVMTests;
			productName = MVVMTests;
			productReference = 08491B6D20B01005008D93AA /* MVVMTests.xctest */;
			productType = "com.apple.product-type.bundle.unit-test";
		};
		0853F79C216D469900F1D4DF /* MVVM-watchOS */ = {
			isa = PBXNativeTarget;
			buildConfigurationList = 0853F7A4216D469900F1D4DF /* Build configuration list for PBXNativeTarget "MVVM-watchOS" */;
			buildPhases = (
				0853F798216D469900F1D4DF /* Sources */,
				0853F799216D469900F1D4DF /* Frameworks */,
				0853F79A216D469900F1D4DF /* Headers */,
				0853F79B216D469900F1D4DF /* Resources */,
			);
			buildRules = (
			);
			dependencies = (
			);
			name = "MVVM-watchOS";
			productName = MVVM;
			productReference = 0853F79D216D469900F1D4DF /* MVVM.framework */;
			productType = "com.apple.product-type.framework";
		};
		0853F7B2216D484B00F1D4DF /* MVVM-tvOS */ = {
			isa = PBXNativeTarget;
			buildConfigurationList = 0853F7C4216D484B00F1D4DF /* Build configuration list for PBXNativeTarget "MVVM-tvOS" */;
			buildPhases = (
				0853F7AE216D484B00F1D4DF /* Sources */,
				0853F7AF216D484B00F1D4DF /* Frameworks */,
				0853F7B0216D484B00F1D4DF /* Headers */,
				0853F7B1216D484B00F1D4DF /* Resources */,
			);
			buildRules = (
			);
			dependencies = (
			);
			name = "MVVM-tvOS";
			productName = MVVM;
			productReference = 0853F7B3216D484B00F1D4DF /* MVVM.framework */;
			productType = "com.apple.product-type.framework";
		};
		0853F7D7216D48D300F1D4DF /* MVVM-macOS */ = {
			isa = PBXNativeTarget;
			buildConfigurationList = 0853F7DD216D48D400F1D4DF /* Build configuration list for PBXNativeTarget "MVVM-macOS" */;
			buildPhases = (
				0853F7D3216D48D300F1D4DF /* Sources */,
				0853F7D4216D48D300F1D4DF /* Frameworks */,
				0853F7D5216D48D300F1D4DF /* Headers */,
				0853F7D6216D48D300F1D4DF /* Resources */,
			);
			buildRules = (
			);
			dependencies = (
			);
			name = "MVVM-macOS";
			productName = MVVM;
			productReference = 0853F7D8216D48D300F1D4DF /* MVVM.framework */;
			productType = "com.apple.product-type.framework";
		};
/* End PBXNativeTarget section */

/* Begin PBXProject section */
		08491B5B20B01004008D93AA /* Project object */ = {
			isa = PBXProject;
			attributes = {
				LastSwiftUpdateCheck = 0940;
				LastUpgradeCheck = 0930;
				ORGANIZATIONNAME = "Dariusz Grzeszczak";
				TargetAttributes = {
					08491B6320B01004008D93AA = {
						CreatedOnToolsVersion = 9.3;
					};
					08491B6C20B01005008D93AA = {
						CreatedOnToolsVersion = 9.3;
					};
					0853F79C216D469900F1D4DF = {
						CreatedOnToolsVersion = 9.4.1;
					};
					0853F7B2216D484B00F1D4DF = {
						CreatedOnToolsVersion = 9.4.1;
					};
					0853F7D7216D48D300F1D4DF = {
						CreatedOnToolsVersion = 9.4.1;
					};
				};
			};
			buildConfigurationList = 08491B5E20B01004008D93AA /* Build configuration list for PBXProject "MVVM" */;
			compatibilityVersion = "Xcode 9.3";
			developmentRegion = en;
			hasScannedForEncodings = 0;
			knownRegions = (
				en,
			);
			mainGroup = 08491B5A20B01004008D93AA;
			productRefGroup = 08491B6520B01004008D93AA /* Products */;
			projectDirPath = "";
			projectRoot = "";
			targets = (
				08491B6320B01004008D93AA /* MVVM-iOS */,
				0853F79C216D469900F1D4DF /* MVVM-watchOS */,
				0853F7B2216D484B00F1D4DF /* MVVM-tvOS */,
				0853F7D7216D48D300F1D4DF /* MVVM-macOS */,
				08491B6C20B01005008D93AA /* MVVMTests */,
			);
		};
/* End PBXProject section */

/* Begin PBXResourcesBuildPhase section */
		08491B6220B01004008D93AA /* Resources */ = {
			isa = PBXResourcesBuildPhase;
			buildActionMask = 2147483647;
			files = (
			);
			runOnlyForDeploymentPostprocessing = 0;
		};
		08491B6B20B01005008D93AA /* Resources */ = {
			isa = PBXResourcesBuildPhase;
			buildActionMask = 2147483647;
			files = (
			);
			runOnlyForDeploymentPostprocessing = 0;
		};
		0853F79B216D469900F1D4DF /* Resources */ = {
			isa = PBXResourcesBuildPhase;
			buildActionMask = 2147483647;
			files = (
			);
			runOnlyForDeploymentPostprocessing = 0;
		};
		0853F7B1216D484B00F1D4DF /* Resources */ = {
			isa = PBXResourcesBuildPhase;
			buildActionMask = 2147483647;
			files = (
			);
			runOnlyForDeploymentPostprocessing = 0;
		};
		0853F7D6216D48D300F1D4DF /* Resources */ = {
			isa = PBXResourcesBuildPhase;
			buildActionMask = 2147483647;
			files = (
			);
			runOnlyForDeploymentPostprocessing = 0;
		};
/* End PBXResourcesBuildPhase section */

/* Begin PBXSourcesBuildPhase section */
		08491B5F20B01004008D93AA /* Sources */ = {
			isa = PBXSourcesBuildPhase;
			buildActionMask = 2147483647;
			files = (
				08491BBB20B01594008D93AA /* ViewModel.swift in Sources */,
				08491BC420B01684008D93AA /* SingleViewModelFactory.swift in Sources */,
				08491BBF20B015F1008D93AA /* ViewModelProviders.swift in Sources */,
				08491BBD20B015E1008D93AA /* ViewModelProvider.swift in Sources */,
				0856ED4A2162BC9900010557 /* ViewModelStores.swift in Sources */,
				08491BC620B0169E008D93AA /* CompositeViewModelFactory.swift in Sources */,
				08491BC120B01641008D93AA /* ViewModelFactory.swift in Sources */,
				08491BC820B01A57008D93AA /* ViewModelStore.swift in Sources */,
				08EBA2272163FC770012BDE8 /* InitializableViewModelFactory.swift in Sources */,
			);
			runOnlyForDeploymentPostprocessing = 0;
		};
		08491B6920B01005008D93AA /* Sources */ = {
			isa = PBXSourcesBuildPhase;
			buildActionMask = 2147483647;
			files = (
				08491BCF20B01A7A008D93AA /* ViewModelStore.swift in Sources */,
				08491B7320B01005008D93AA /* MVVMTests.swift in Sources */,
				08491BCD20B01A75008D93AA /* ViewModelProvider.swift in Sources */,
				08491BCA20B01A6C008D93AA /* CompositeViewModelFactory.swift in Sources */,
				08491BCE20B01A77008D93AA /* ViewModelProviders.swift in Sources */,
				08491BCB20B01A6F008D93AA /* ViewModel.swift in Sources */,
				08491BCC20B01A72008D93AA /* ViewModelFactory.swift in Sources */,
				08EBA2282163FC770012BDE8 /* InitializableViewModelFactory.swift in Sources */,
				0856ED4B2162BC9900010557 /* ViewModelStores.swift in Sources */,
				08491BC920B01A6A008D93AA /* SingleViewModelFactory.swift in Sources */,
			);
			runOnlyForDeploymentPostprocessing = 0;
		};
		0853F798216D469900F1D4DF /* Sources */ = {
			isa = PBXSourcesBuildPhase;
			buildActionMask = 2147483647;
			files = (
				0853F7AC216D477000F1D4DF /* ViewModelStore.swift in Sources */,
				0853F7A5216D477000F1D4DF /* SingleViewModelFactory.swift in Sources */,
				0853F7AA216D477000F1D4DF /* ViewModelProvider.swift in Sources */,
				0853F7A6216D477000F1D4DF /* CompositeViewModelFactory.swift in Sources */,
				0853F7AB216D477000F1D4DF /* ViewModelProviders.swift in Sources */,
				0853F7A8216D477000F1D4DF /* ViewModel.swift in Sources */,
				0853F7A9216D477000F1D4DF /* ViewModelFactory.swift in Sources */,
				0853F7AD216D477000F1D4DF /* ViewModelStores.swift in Sources */,
				0853F7A7216D477000F1D4DF /* InitializableViewModelFactory.swift in Sources */,
			);
			runOnlyForDeploymentPostprocessing = 0;
		};
		0853F7AE216D484B00F1D4DF /* Sources */ = {
			isa = PBXSourcesBuildPhase;
			buildActionMask = 2147483647;
			files = (
				0853F7D1216D488000F1D4DF /* ViewModelStore.swift in Sources */,
				0853F7CA216D488000F1D4DF /* SingleViewModelFactory.swift in Sources */,
				0853F7CF216D488000F1D4DF /* ViewModelProvider.swift in Sources */,
				0853F7CB216D488000F1D4DF /* CompositeViewModelFactory.swift in Sources */,
				0853F7D0216D488000F1D4DF /* ViewModelProviders.swift in Sources */,
				0853F7CD216D488000F1D4DF /* ViewModel.swift in Sources */,
				0853F7CE216D488000F1D4DF /* ViewModelFactory.swift in Sources */,
				0853F7D2216D488000F1D4DF /* ViewModelStores.swift in Sources */,
				0853F7CC216D488000F1D4DF /* InitializableViewModelFactory.swift in Sources */,
			);
			runOnlyForDeploymentPostprocessing = 0;
		};
		0853F7D3216D48D300F1D4DF /* Sources */ = {
			isa = PBXSourcesBuildPhase;
			buildActionMask = 2147483647;
			files = (
				0853F7E7216D48F900F1D4DF /* ViewModelStore.swift in Sources */,
				0853F7E0216D48F900F1D4DF /* SingleViewModelFactory.swift in Sources */,
				0853F7E5216D48F900F1D4DF /* ViewModelProvider.swift in Sources */,
				0853F7E1216D48F900F1D4DF /* CompositeViewModelFactory.swift in Sources */,
				0853F7E6216D48F900F1D4DF /* ViewModelProviders.swift in Sources */,
				0853F7E3216D48F900F1D4DF /* ViewModel.swift in Sources */,
				0853F7E4216D48F900F1D4DF /* ViewModelFactory.swift in Sources */,
				0853F7E8216D48F900F1D4DF /* ViewModelStores.swift in Sources */,
				0853F7E2216D48F900F1D4DF /* InitializableViewModelFactory.swift in Sources */,
			);
			runOnlyForDeploymentPostprocessing = 0;
		};
/* End PBXSourcesBuildPhase section */

/* Begin PBXTargetDependency section */
		08491B7020B01005008D93AA /* PBXTargetDependency */ = {
			isa = PBXTargetDependency;
			target = 08491B6320B01004008D93AA /* MVVM-iOS */;
			targetProxy = 08491B6F20B01005008D93AA /* PBXContainerItemProxy */;
		};
/* End PBXTargetDependency section */

/* Begin XCBuildConfiguration section */
		08491B7620B01005008D93AA /* Debug */ = {
			isa = XCBuildConfiguration;
			buildSettings = {
				ALWAYS_SEARCH_USER_PATHS = NO;
				CLANG_ANALYZER_NONNULL = YES;
				CLANG_ANALYZER_NUMBER_OBJECT_CONVERSION = YES_AGGRESSIVE;
				CLANG_CXX_LANGUAGE_STANDARD = "gnu++14";
				CLANG_CXX_LIBRARY = "libc++";
				CLANG_ENABLE_MODULES = YES;
				CLANG_ENABLE_OBJC_ARC = YES;
				CLANG_ENABLE_OBJC_WEAK = YES;
				CLANG_WARN_BLOCK_CAPTURE_AUTORELEASING = YES;
				CLANG_WARN_BOOL_CONVERSION = YES;
				CLANG_WARN_COMMA = YES;
				CLANG_WARN_CONSTANT_CONVERSION = YES;
				CLANG_WARN_DEPRECATED_OBJC_IMPLEMENTATIONS = YES;
				CLANG_WARN_DIRECT_OBJC_ISA_USAGE = YES_ERROR;
				CLANG_WARN_DOCUMENTATION_COMMENTS = YES;
				CLANG_WARN_EMPTY_BODY = YES;
				CLANG_WARN_ENUM_CONVERSION = YES;
				CLANG_WARN_INFINITE_RECURSION = YES;
				CLANG_WARN_INT_CONVERSION = YES;
				CLANG_WARN_NON_LITERAL_NULL_CONVERSION = YES;
				CLANG_WARN_OBJC_IMPLICIT_RETAIN_SELF = YES;
				CLANG_WARN_OBJC_LITERAL_CONVERSION = YES;
				CLANG_WARN_OBJC_ROOT_CLASS = YES_ERROR;
				CLANG_WARN_RANGE_LOOP_ANALYSIS = YES;
				CLANG_WARN_STRICT_PROTOTYPES = YES;
				CLANG_WARN_SUSPICIOUS_MOVE = YES;
				CLANG_WARN_UNGUARDED_AVAILABILITY = YES_AGGRESSIVE;
				CLANG_WARN_UNREACHABLE_CODE = YES;
				CLANG_WARN__DUPLICATE_METHOD_MATCH = YES;
				CODE_SIGN_IDENTITY = "iPhone Developer";
				COPY_PHASE_STRIP = NO;
				CURRENT_PROJECT_VERSION = 1;
				DEBUG_INFORMATION_FORMAT = dwarf;
				ENABLE_STRICT_OBJC_MSGSEND = YES;
				ENABLE_TESTABILITY = YES;
				GCC_C_LANGUAGE_STANDARD = gnu11;
				GCC_DYNAMIC_NO_PIC = NO;
				GCC_NO_COMMON_BLOCKS = YES;
				GCC_OPTIMIZATION_LEVEL = 0;
				GCC_PREPROCESSOR_DEFINITIONS = (
					"DEBUG=1",
					"$(inherited)",
				);
				GCC_WARN_64_TO_32_BIT_CONVERSION = YES;
				GCC_WARN_ABOUT_RETURN_TYPE = YES_ERROR;
				GCC_WARN_UNDECLARED_SELECTOR = YES;
				GCC_WARN_UNINITIALIZED_AUTOS = YES_AGGRESSIVE;
				GCC_WARN_UNUSED_FUNCTION = YES;
				GCC_WARN_UNUSED_VARIABLE = YES;
				INFOPLIST_FILE = MVVM/Info.plist;
				IPHONEOS_DEPLOYMENT_TARGET = 9.0;
				MTL_ENABLE_DEBUG_INFO = YES;
				ONLY_ACTIVE_ARCH = YES;
				PRODUCT_NAME = MVVM;
				SDKROOT = iphoneos;
				SWIFT_ACTIVE_COMPILATION_CONDITIONS = DEBUG;
				SWIFT_OPTIMIZATION_LEVEL = "-Onone";
				VERSIONING_SYSTEM = "apple-generic";
				VERSION_INFO_PREFIX = "";
			};
			name = Debug;
		};
		08491B7720B01005008D93AA /* Release */ = {
			isa = XCBuildConfiguration;
			buildSettings = {
				ALWAYS_SEARCH_USER_PATHS = NO;
				CLANG_ANALYZER_NONNULL = YES;
				CLANG_ANALYZER_NUMBER_OBJECT_CONVERSION = YES_AGGRESSIVE;
				CLANG_CXX_LANGUAGE_STANDARD = "gnu++14";
				CLANG_CXX_LIBRARY = "libc++";
				CLANG_ENABLE_MODULES = YES;
				CLANG_ENABLE_OBJC_ARC = YES;
				CLANG_ENABLE_OBJC_WEAK = YES;
				CLANG_WARN_BLOCK_CAPTURE_AUTORELEASING = YES;
				CLANG_WARN_BOOL_CONVERSION = YES;
				CLANG_WARN_COMMA = YES;
				CLANG_WARN_CONSTANT_CONVERSION = YES;
				CLANG_WARN_DEPRECATED_OBJC_IMPLEMENTATIONS = YES;
				CLANG_WARN_DIRECT_OBJC_ISA_USAGE = YES_ERROR;
				CLANG_WARN_DOCUMENTATION_COMMENTS = YES;
				CLANG_WARN_EMPTY_BODY = YES;
				CLANG_WARN_ENUM_CONVERSION = YES;
				CLANG_WARN_INFINITE_RECURSION = YES;
				CLANG_WARN_INT_CONVERSION = YES;
				CLANG_WARN_NON_LITERAL_NULL_CONVERSION = YES;
				CLANG_WARN_OBJC_IMPLICIT_RETAIN_SELF = YES;
				CLANG_WARN_OBJC_LITERAL_CONVERSION = YES;
				CLANG_WARN_OBJC_ROOT_CLASS = YES_ERROR;
				CLANG_WARN_RANGE_LOOP_ANALYSIS = YES;
				CLANG_WARN_STRICT_PROTOTYPES = YES;
				CLANG_WARN_SUSPICIOUS_MOVE = YES;
				CLANG_WARN_UNGUARDED_AVAILABILITY = YES_AGGRESSIVE;
				CLANG_WARN_UNREACHABLE_CODE = YES;
				CLANG_WARN__DUPLICATE_METHOD_MATCH = YES;
				CODE_SIGN_IDENTITY = "iPhone Developer";
				COPY_PHASE_STRIP = NO;
				CURRENT_PROJECT_VERSION = 1;
				DEBUG_INFORMATION_FORMAT = "dwarf-with-dsym";
				ENABLE_NS_ASSERTIONS = NO;
				ENABLE_STRICT_OBJC_MSGSEND = YES;
				GCC_C_LANGUAGE_STANDARD = gnu11;
				GCC_NO_COMMON_BLOCKS = YES;
				GCC_WARN_64_TO_32_BIT_CONVERSION = YES;
				GCC_WARN_ABOUT_RETURN_TYPE = YES_ERROR;
				GCC_WARN_UNDECLARED_SELECTOR = YES;
				GCC_WARN_UNINITIALIZED_AUTOS = YES_AGGRESSIVE;
				GCC_WARN_UNUSED_FUNCTION = YES;
				GCC_WARN_UNUSED_VARIABLE = YES;
				INFOPLIST_FILE = MVVM/Info.plist;
				IPHONEOS_DEPLOYMENT_TARGET = 9.0;
				MTL_ENABLE_DEBUG_INFO = NO;
				PRODUCT_NAME = MVVM;
				SDKROOT = iphoneos;
				SWIFT_COMPILATION_MODE = wholemodule;
				SWIFT_OPTIMIZATION_LEVEL = "-O";
				VALIDATE_PRODUCT = YES;
				VERSIONING_SYSTEM = "apple-generic";
				VERSION_INFO_PREFIX = "";
			};
			name = Release;
		};
		08491B7920B01005008D93AA /* Debug */ = {
			isa = XCBuildConfiguration;
			buildSettings = {
				CODE_SIGN_IDENTITY = "";
				CODE_SIGN_STYLE = Automatic;
				DEFINES_MODULE = YES;
				DYLIB_COMPATIBILITY_VERSION = 1;
				DYLIB_CURRENT_VERSION = 1;
				DYLIB_INSTALL_NAME_BASE = "@rpath";
				INSTALL_PATH = "$(LOCAL_LIBRARY_DIR)/Frameworks";
				LD_RUNPATH_SEARCH_PATHS = (
					"$(inherited)",
					"@executable_path/Frameworks",
					"@loader_path/Frameworks",
				);
				PRODUCT_BUNDLE_IDENTIFIER = com.db.MVVM;
				SKIP_INSTALL = YES;
				SWIFT_VERSION = 4.0;
				TARGETED_DEVICE_FAMILY = "1,2";
			};
			name = Debug;
		};
		08491B7A20B01005008D93AA /* Release */ = {
			isa = XCBuildConfiguration;
			buildSettings = {
				CODE_SIGN_IDENTITY = "";
				CODE_SIGN_STYLE = Automatic;
				DEFINES_MODULE = YES;
				DYLIB_COMPATIBILITY_VERSION = 1;
				DYLIB_CURRENT_VERSION = 1;
				DYLIB_INSTALL_NAME_BASE = "@rpath";
				INSTALL_PATH = "$(LOCAL_LIBRARY_DIR)/Frameworks";
				LD_RUNPATH_SEARCH_PATHS = (
					"$(inherited)",
					"@executable_path/Frameworks",
					"@loader_path/Frameworks",
				);
				PRODUCT_BUNDLE_IDENTIFIER = com.db.MVVM;
				SKIP_INSTALL = YES;
				SWIFT_VERSION = 4.0;
				TARGETED_DEVICE_FAMILY = "1,2";
			};
			name = Release;
		};
		08491B7C20B01005008D93AA /* Debug */ = {
			isa = XCBuildConfiguration;
			buildSettings = {
				ALWAYS_EMBED_SWIFT_STANDARD_LIBRARIES = YES;
				CODE_SIGN_STYLE = Automatic;
				INFOPLIST_FILE = MVVMTests/Info.plist;
				LD_RUNPATH_SEARCH_PATHS = (
					"$(inherited)",
					"@executable_path/Frameworks",
					"@loader_path/Frameworks",
				);
				PRODUCT_BUNDLE_IDENTIFIER = com.db.MVVMTests;
				PRODUCT_NAME = "$(TARGET_NAME)";
				SWIFT_VERSION = 4.0;
				TARGETED_DEVICE_FAMILY = "1,2";
			};
			name = Debug;
		};
		08491B7D20B01005008D93AA /* Release */ = {
			isa = XCBuildConfiguration;
			buildSettings = {
				ALWAYS_EMBED_SWIFT_STANDARD_LIBRARIES = YES;
				CODE_SIGN_STYLE = Automatic;
				INFOPLIST_FILE = MVVMTests/Info.plist;
				LD_RUNPATH_SEARCH_PATHS = (
					"$(inherited)",
					"@executable_path/Frameworks",
					"@loader_path/Frameworks",
				);
				PRODUCT_BUNDLE_IDENTIFIER = com.db.MVVMTests;
				PRODUCT_NAME = "$(TARGET_NAME)";
				SWIFT_VERSION = 4.0;
				TARGETED_DEVICE_FAMILY = "1,2";
			};
			name = Release;
		};
		0853F7A2216D469900F1D4DF /* Debug */ = {
			isa = XCBuildConfiguration;
			buildSettings = {
				APPLICATION_EXTENSION_API_ONLY = YES;
				CODE_SIGN_IDENTITY = "";
				CODE_SIGN_STYLE = Automatic;
				DEFINES_MODULE = YES;
				DYLIB_COMPATIBILITY_VERSION = 1;
				DYLIB_CURRENT_VERSION = 1;
				DYLIB_INSTALL_NAME_BASE = "@rpath";
				INSTALL_PATH = "$(LOCAL_LIBRARY_DIR)/Frameworks";
				LD_RUNPATH_SEARCH_PATHS = (
					"$(inherited)",
					"@executable_path/Frameworks",
					"@loader_path/Frameworks",
				);
				PRODUCT_BUNDLE_IDENTIFIER = com.db.MVVM;
				SDKROOT = watchos;
				SKIP_INSTALL = YES;
				SWIFT_VERSION = 4.0;
				TARGETED_DEVICE_FAMILY = 4;
				WATCHOS_DEPLOYMENT_TARGET = 2.0;
			};
			name = Debug;
		};
		0853F7A3216D469900F1D4DF /* Release */ = {
			isa = XCBuildConfiguration;
			buildSettings = {
				APPLICATION_EXTENSION_API_ONLY = YES;
				CODE_SIGN_IDENTITY = "";
				CODE_SIGN_STYLE = Automatic;
				DEFINES_MODULE = YES;
				DYLIB_COMPATIBILITY_VERSION = 1;
				DYLIB_CURRENT_VERSION = 1;
				DYLIB_INSTALL_NAME_BASE = "@rpath";
				INSTALL_PATH = "$(LOCAL_LIBRARY_DIR)/Frameworks";
				LD_RUNPATH_SEARCH_PATHS = (
					"$(inherited)",
					"@executable_path/Frameworks",
					"@loader_path/Frameworks",
				);
				PRODUCT_BUNDLE_IDENTIFIER = com.db.MVVM;
				SDKROOT = watchos;
				SKIP_INSTALL = YES;
				SWIFT_VERSION = 4.0;
				TARGETED_DEVICE_FAMILY = 4;
				WATCHOS_DEPLOYMENT_TARGET = 2.0;
			};
			name = Release;
		};
		0853F7C5216D484B00F1D4DF /* Debug */ = {
			isa = XCBuildConfiguration;
			buildSettings = {
				CODE_SIGN_IDENTITY = "";
				CODE_SIGN_STYLE = Automatic;
				DEFINES_MODULE = YES;
				DYLIB_COMPATIBILITY_VERSION = 1;
				DYLIB_CURRENT_VERSION = 1;
				DYLIB_INSTALL_NAME_BASE = "@rpath";
				INSTALL_PATH = "$(LOCAL_LIBRARY_DIR)/Frameworks";
				LD_RUNPATH_SEARCH_PATHS = (
					"$(inherited)",
					"@executable_path/Frameworks",
					"@loader_path/Frameworks",
				);
				PRODUCT_BUNDLE_IDENTIFIER = com.db.MVVM;
				SDKROOT = appletvos;
				SKIP_INSTALL = YES;
				SWIFT_VERSION = 4.0;
				TARGETED_DEVICE_FAMILY = 3;
				TVOS_DEPLOYMENT_TARGET = 9.0;
			};
			name = Debug;
		};
		0853F7C6216D484B00F1D4DF /* Release */ = {
			isa = XCBuildConfiguration;
			buildSettings = {
				CODE_SIGN_IDENTITY = "";
				CODE_SIGN_STYLE = Automatic;
				DEFINES_MODULE = YES;
				DYLIB_COMPATIBILITY_VERSION = 1;
				DYLIB_CURRENT_VERSION = 1;
				DYLIB_INSTALL_NAME_BASE = "@rpath";
				INSTALL_PATH = "$(LOCAL_LIBRARY_DIR)/Frameworks";
				LD_RUNPATH_SEARCH_PATHS = (
					"$(inherited)",
					"@executable_path/Frameworks",
					"@loader_path/Frameworks",
				);
				PRODUCT_BUNDLE_IDENTIFIER = com.db.MVVM;
				SDKROOT = appletvos;
				SKIP_INSTALL = YES;
				SWIFT_VERSION = 4.0;
				TARGETED_DEVICE_FAMILY = 3;
				TVOS_DEPLOYMENT_TARGET = 9.0;
			};
			name = Release;
		};
		0853F7DE216D48D400F1D4DF /* Debug */ = {
			isa = XCBuildConfiguration;
			buildSettings = {
				CODE_SIGN_IDENTITY = "-";
				CODE_SIGN_STYLE = Automatic;
				COMBINE_HIDPI_IMAGES = YES;
				DEFINES_MODULE = YES;
				DYLIB_COMPATIBILITY_VERSION = 1;
				DYLIB_CURRENT_VERSION = 1;
				DYLIB_INSTALL_NAME_BASE = "@rpath";
				FRAMEWORK_VERSION = A;
				INSTALL_PATH = "$(LOCAL_LIBRARY_DIR)/Frameworks";
				LD_RUNPATH_SEARCH_PATHS = (
					"$(inherited)",
					"@executable_path/../Frameworks",
					"@loader_path/Frameworks",
				);
				MACOSX_DEPLOYMENT_TARGET = 10.9;
				PRODUCT_BUNDLE_IDENTIFIER = com.db.MVVM;
				SDKROOT = macosx;
				SKIP_INSTALL = YES;
				SWIFT_VERSION = 4.0;
			};
			name = Debug;
		};
		0853F7DF216D48D400F1D4DF /* Release */ = {
			isa = XCBuildConfiguration;
			buildSettings = {
				CODE_SIGN_IDENTITY = "-";
				CODE_SIGN_STYLE = Automatic;
				COMBINE_HIDPI_IMAGES = YES;
				DEFINES_MODULE = YES;
				DYLIB_COMPATIBILITY_VERSION = 1;
				DYLIB_CURRENT_VERSION = 1;
				DYLIB_INSTALL_NAME_BASE = "@rpath";
				FRAMEWORK_VERSION = A;
				INSTALL_PATH = "$(LOCAL_LIBRARY_DIR)/Frameworks";
				LD_RUNPATH_SEARCH_PATHS = (
					"$(inherited)",
					"@executable_path/../Frameworks",
					"@loader_path/Frameworks",
				);
				MACOSX_DEPLOYMENT_TARGET = 10.9;
				PRODUCT_BUNDLE_IDENTIFIER = com.db.MVVM;
				SDKROOT = macosx;
				SKIP_INSTALL = YES;
				SWIFT_VERSION = 4.0;
			};
			name = Release;
		};
/* End XCBuildConfiguration section */

/* Begin XCConfigurationList section */
		08491B5E20B01004008D93AA /* Build configuration list for PBXProject "MVVM" */ = {
			isa = XCConfigurationList;
			buildConfigurations = (
				08491B7620B01005008D93AA /* Debug */,
				08491B7720B01005008D93AA /* Release */,
			);
			defaultConfigurationIsVisible = 0;
			defaultConfigurationName = Release;
		};
		08491B7820B01005008D93AA /* Build configuration list for PBXNativeTarget "MVVM-iOS" */ = {
			isa = XCConfigurationList;
			buildConfigurations = (
				08491B7920B01005008D93AA /* Debug */,
				08491B7A20B01005008D93AA /* Release */,
			);
			defaultConfigurationIsVisible = 0;
			defaultConfigurationName = Release;
		};
		08491B7B20B01005008D93AA /* Build configuration list for PBXNativeTarget "MVVMTests" */ = {
			isa = XCConfigurationList;
			buildConfigurations = (
				08491B7C20B01005008D93AA /* Debug */,
				08491B7D20B01005008D93AA /* Release */,
			);
			defaultConfigurationIsVisible = 0;
			defaultConfigurationName = Release;
		};
		0853F7A4216D469900F1D4DF /* Build configuration list for PBXNativeTarget "MVVM-watchOS" */ = {
			isa = XCConfigurationList;
			buildConfigurations = (
				0853F7A2216D469900F1D4DF /* Debug */,
				0853F7A3216D469900F1D4DF /* Release */,
			);
			defaultConfigurationIsVisible = 0;
			defaultConfigurationName = Release;
		};
		0853F7C4216D484B00F1D4DF /* Build configuration list for PBXNativeTarget "MVVM-tvOS" */ = {
			isa = XCConfigurationList;
			buildConfigurations = (
				0853F7C5216D484B00F1D4DF /* Debug */,
				0853F7C6216D484B00F1D4DF /* Release */,
			);
			defaultConfigurationIsVisible = 0;
			defaultConfigurationName = Release;
		};
		0853F7DD216D48D400F1D4DF /* Build configuration list for PBXNativeTarget "MVVM-macOS" */ = {
			isa = XCConfigurationList;
			buildConfigurations = (
				0853F7DE216D48D400F1D4DF /* Debug */,
				0853F7DF216D48D400F1D4DF /* Release */,
			);
			defaultConfigurationIsVisible = 0;
			defaultConfigurationName = Release;
		};
/* End XCConfigurationList section */
	};
	rootObject = 08491B5B20B01004008D93AA /* Project object */;
}
