// !$*UTF8*$!
{
	archiveVersion = 1;
	classes = {
	};
	objectVersion = 50;
	objects = {

/* Begin PBXBuildFile section */
		0832047F23B3A94800E18516 /* AnyMiddleware.swift in Sources */ = {isa = PBXBuildFile; fileRef = 0832047023B3A94800E18516 /* AnyMiddleware.swift */; };
		0832048023B3A94800E18516 /* Interceptor.swift in Sources */ = {isa = PBXBuildFile; fileRef = 0832047123B3A94800E18516 /* Interceptor.swift */; };
		0832048123B3A94800E18516 /* Middleware.swift in Sources */ = {isa = PBXBuildFile; fileRef = 0832047223B3A94800E18516 /* Middleware.swift */; };
		0832048223B3A94800E18516 /* StoreAction.swift in Sources */ = {isa = PBXBuildFile; fileRef = 0832047323B3A94800E18516 /* StoreAction.swift */; };
		0832048323B3A94800E18516 /* Dispatcher.swift in Sources */ = {isa = PBXBuildFile; fileRef = 0832047423B3A94800E18516 /* Dispatcher.swift */; };
		0832048423B3A94800E18516 /* Reducer.swift in Sources */ = {isa = PBXBuildFile; fileRef = 0832047523B3A94800E18516 /* Reducer.swift */; };
		0832048523B3A94800E18516 /* StateObserver.swift in Sources */ = {isa = PBXBuildFile; fileRef = 0832047623B3A94800E18516 /* StateObserver.swift */; };
		0832048623B3A94800E18516 /* MockStateSubject.swift in Sources */ = {isa = PBXBuildFile; fileRef = 0832047823B3A94800E18516 /* MockStateSubject.swift */; };
		0832048723B3A94800E18516 /* Subject.swift in Sources */ = {isa = PBXBuildFile; fileRef = 0832047923B3A94800E18516 /* Subject.swift */; };
		0832048823B3A94800E18516 /* StateSubject.swift in Sources */ = {isa = PBXBuildFile; fileRef = 0832047A23B3A94800E18516 /* StateSubject.swift */; };
		0832048923B3A94800E18516 /* StateMapper.swift in Sources */ = {isa = PBXBuildFile; fileRef = 0832047B23B3A94800E18516 /* StateMapper.swift */; };
		0832048B23B3A94800E18516 /* StateAssociated.swift in Sources */ = {isa = PBXBuildFile; fileRef = 0832047D23B3A94800E18516 /* StateAssociated.swift */; };
		0832048C23B3A94800E18516 /* Store.swift in Sources */ = {isa = PBXBuildFile; fileRef = 0832047E23B3A94800E18516 /* Store.swift */; };
		08491B9E20B010D1008D93AA /* ReMVVM.framework in Frameworks */ = {isa = PBXBuildFile; fileRef = 08491B9420B010D1008D93AA /* ReMVVM.framework */; };
		08491BA520B010D1008D93AA /* ReMVVM.h in Headers */ = {isa = PBXBuildFile; fileRef = 08491B9720B010D1008D93AA /* ReMVVM.h */; settings = {ATTRIBUTES = (Public, ); }; };
		08491BD720B01F78008D93AA /* ViewModelProvider.swift in Sources */ = {isa = PBXBuildFile; fileRef = 08491BD620B01F78008D93AA /* ViewModelProvider.swift */; };
		08491BD920B01FA2008D93AA /* ViewModelFactory.swift in Sources */ = {isa = PBXBuildFile; fileRef = 08491BD820B01FA2008D93AA /* ViewModelFactory.swift */; };
		08491BDD20B02026008D93AA /* CompositeViewModelFactory.swift in Sources */ = {isa = PBXBuildFile; fileRef = 08491BDC20B02026008D93AA /* CompositeViewModelFactory.swift */; };
		08491BE020B02074008D93AA /* SingleViewModelFactory.swift in Sources */ = {isa = PBXBuildFile; fileRef = 08491BDF20B02074008D93AA /* SingleViewModelFactory.swift */; };
		086E214E2127F2A700EF3A20 /* InitializableViewModelFactory.swift in Sources */ = {isa = PBXBuildFile; fileRef = 086E214D2127F2A700EF3A20 /* InitializableViewModelFactory.swift */; };
		089426BF20B03D8200A4B6FF /* MVVM.framework in Frameworks */ = {isa = PBXBuildFile; fileRef = 089426BD20B03D8200A4B6FF /* MVVM.framework */; };
		08A3FCE921D94B4800DC601C /* ReMVVM.swift in Sources */ = {isa = PBXBuildFile; fileRef = 08A3FCE821D94B4800DC601C /* ReMVVM.swift */; };
		08A6D606239F0F0B00EF2F44 /* ReMVVMDriven.swift in Sources */ = {isa = PBXBuildFile; fileRef = 08A6D605239F0F0B00EF2F44 /* ReMVVMDriven.swift */; };
		08A6D60A239F0FC100EF2F44 /* Provided.swift in Sources */ = {isa = PBXBuildFile; fileRef = 08A6D609239F0FC100EF2F44 /* Provided.swift */; };
		08ADCDA5229C2654004CD357 /* ReMVVMTests.swift in Sources */ = {isa = PBXBuildFile; fileRef = 08491BA220B010D1008D93AA /* ReMVVMTests.swift */; };
		08B99D052162C9D7005627E9 /* StoreState.swift in Sources */ = {isa = PBXBuildFile; fileRef = 08B99D042162C9D7005627E9 /* StoreState.swift */; };
		08B99D082162CA2F005627E9 /* Typealiases.swift in Sources */ = {isa = PBXBuildFile; fileRef = 08B99D072162CA2F005627E9 /* Typealiases.swift */; };
		08FB77922152E72700283977 /* MVVM.framework in Frameworks */ = {isa = PBXBuildFile; fileRef = 089426BD20B03D8200A4B6FF /* MVVM.framework */; };
/* End PBXBuildFile section */

/* Begin PBXContainerItemProxy section */
		08491B9F20B010D1008D93AA /* PBXContainerItemProxy */ = {
			isa = PBXContainerItemProxy;
			containerPortal = 08491B8B20B010D1008D93AA /* Project object */;
			proxyType = 1;
			remoteGlobalIDString = 08491B9320B010D1008D93AA;
			remoteInfo = ReMVVM;
		};
/* End PBXContainerItemProxy section */

/* Begin PBXFileReference section */
		0832043D23B02A1F00E18516 /* CHANGELOG.md */ = {isa = PBXFileReference; lastKnownFileType = net.daringfireball.markdown; path = CHANGELOG.md; sourceTree = "<group>"; };
		0832046D23B3A7D400E18516 /* Package.swift */ = {isa = PBXFileReference; lastKnownFileType = sourcecode.swift; path = Package.swift; sourceTree = "<group>"; };
		0832047023B3A94800E18516 /* AnyMiddleware.swift */ = {isa = PBXFileReference; fileEncoding = 4; lastKnownFileType = sourcecode.swift; path = AnyMiddleware.swift; sourceTree = "<group>"; };
		0832047123B3A94800E18516 /* Interceptor.swift */ = {isa = PBXFileReference; fileEncoding = 4; lastKnownFileType = sourcecode.swift; path = Interceptor.swift; sourceTree = "<group>"; };
		0832047223B3A94800E18516 /* Middleware.swift */ = {isa = PBXFileReference; fileEncoding = 4; lastKnownFileType = sourcecode.swift; path = Middleware.swift; sourceTree = "<group>"; };
		0832047323B3A94800E18516 /* StoreAction.swift */ = {isa = PBXFileReference; fileEncoding = 4; lastKnownFileType = sourcecode.swift; path = StoreAction.swift; sourceTree = "<group>"; };
		0832047423B3A94800E18516 /* Dispatcher.swift */ = {isa = PBXFileReference; fileEncoding = 4; lastKnownFileType = sourcecode.swift; path = Dispatcher.swift; sourceTree = "<group>"; };
		0832047523B3A94800E18516 /* Reducer.swift */ = {isa = PBXFileReference; fileEncoding = 4; lastKnownFileType = sourcecode.swift; path = Reducer.swift; sourceTree = "<group>"; };
		0832047623B3A94800E18516 /* StateObserver.swift */ = {isa = PBXFileReference; fileEncoding = 4; lastKnownFileType = sourcecode.swift; path = StateObserver.swift; sourceTree = "<group>"; };
		0832047823B3A94800E18516 /* MockStateSubject.swift */ = {isa = PBXFileReference; fileEncoding = 4; lastKnownFileType = sourcecode.swift; path = MockStateSubject.swift; sourceTree = "<group>"; };
		0832047923B3A94800E18516 /* Subject.swift */ = {isa = PBXFileReference; fileEncoding = 4; lastKnownFileType = sourcecode.swift; path = Subject.swift; sourceTree = "<group>"; };
		0832047A23B3A94800E18516 /* StateSubject.swift */ = {isa = PBXFileReference; fileEncoding = 4; lastKnownFileType = sourcecode.swift; path = StateSubject.swift; sourceTree = "<group>"; };
		0832047B23B3A94800E18516 /* StateMapper.swift */ = {isa = PBXFileReference; fileEncoding = 4; lastKnownFileType = sourcecode.swift; path = StateMapper.swift; sourceTree = "<group>"; };
		0832047D23B3A94800E18516 /* StateAssociated.swift */ = {isa = PBXFileReference; fileEncoding = 4; lastKnownFileType = sourcecode.swift; path = StateAssociated.swift; sourceTree = "<group>"; };
		0832047E23B3A94800E18516 /* Store.swift */ = {isa = PBXFileReference; fileEncoding = 4; lastKnownFileType = sourcecode.swift; path = Store.swift; sourceTree = "<group>"; };
		0845DB0523A8297C0005DA37 /* LICENSE */ = {isa = PBXFileReference; lastKnownFileType = text; path = LICENSE; sourceTree = "<group>"; };
		0845DB0B23A8297C0005DA37 /* .jazzy.json */ = {isa = PBXFileReference; fileEncoding = 4; lastKnownFileType = text.json; path = .jazzy.json; sourceTree = "<group>"; };
		08491B9420B010D1008D93AA /* ReMVVM.framework */ = {isa = PBXFileReference; explicitFileType = wrapper.framework; includeInIndex = 0; path = ReMVVM.framework; sourceTree = BUILT_PRODUCTS_DIR; };
		08491B9720B010D1008D93AA /* ReMVVM.h */ = {isa = PBXFileReference; lastKnownFileType = sourcecode.c.h; path = ReMVVM.h; sourceTree = "<group>"; };
		08491B9820B010D1008D93AA /* Info.plist */ = {isa = PBXFileReference; lastKnownFileType = text.plist.xml; path = Info.plist; sourceTree = "<group>"; };
		08491B9D20B010D1008D93AA /* ReMVVMTests.xctest */ = {isa = PBXFileReference; explicitFileType = wrapper.cfbundle; includeInIndex = 0; path = ReMVVMTests.xctest; sourceTree = BUILT_PRODUCTS_DIR; };
		08491BA220B010D1008D93AA /* ReMVVMTests.swift */ = {isa = PBXFileReference; lastKnownFileType = sourcecode.swift; path = ReMVVMTests.swift; sourceTree = "<group>"; };
		08491BA420B010D1008D93AA /* Info.plist */ = {isa = PBXFileReference; lastKnownFileType = text.plist.xml; path = Info.plist; sourceTree = "<group>"; };
		08491BD620B01F78008D93AA /* ViewModelProvider.swift */ = {isa = PBXFileReference; lastKnownFileType = sourcecode.swift; path = ViewModelProvider.swift; sourceTree = "<group>"; };
		08491BD820B01FA2008D93AA /* ViewModelFactory.swift */ = {isa = PBXFileReference; lastKnownFileType = sourcecode.swift; path = ViewModelFactory.swift; sourceTree = "<group>"; };
		08491BDC20B02026008D93AA /* CompositeViewModelFactory.swift */ = {isa = PBXFileReference; lastKnownFileType = sourcecode.swift; path = CompositeViewModelFactory.swift; sourceTree = "<group>"; };
		08491BDF20B02074008D93AA /* SingleViewModelFactory.swift */ = {isa = PBXFileReference; lastKnownFileType = sourcecode.swift; path = SingleViewModelFactory.swift; sourceTree = "<group>"; };
		086E214D2127F2A700EF3A20 /* InitializableViewModelFactory.swift */ = {isa = PBXFileReference; lastKnownFileType = sourcecode.swift; path = InitializableViewModelFactory.swift; sourceTree = "<group>"; };
		089426BD20B03D8200A4B6FF /* MVVM.framework */ = {isa = PBXFileReference; lastKnownFileType = wrapper.framework; name = MVVM.framework; path = Carthage/Build/iOS/MVVM.framework; sourceTree = "<group>"; };
		08A3FCE821D94B4800DC601C /* ReMVVM.swift */ = {isa = PBXFileReference; lastKnownFileType = sourcecode.swift; path = ReMVVM.swift; sourceTree = "<group>"; };
		08A6D605239F0F0B00EF2F44 /* ReMVVMDriven.swift */ = {isa = PBXFileReference; lastKnownFileType = sourcecode.swift; path = ReMVVMDriven.swift; sourceTree = "<group>"; };
		08A6D609239F0FC100EF2F44 /* Provided.swift */ = {isa = PBXFileReference; lastKnownFileType = sourcecode.swift; path = Provided.swift; sourceTree = "<group>"; };
		08B99D042162C9D7005627E9 /* StoreState.swift */ = {isa = PBXFileReference; lastKnownFileType = sourcecode.swift; path = StoreState.swift; sourceTree = "<group>"; };
		08B99D072162CA2F005627E9 /* Typealiases.swift */ = {isa = PBXFileReference; lastKnownFileType = sourcecode.swift; path = Typealiases.swift; sourceTree = "<group>"; };
		08FA075F23A3E58A00BC9D70 /* README.md */ = {isa = PBXFileReference; lastKnownFileType = net.daringfireball.markdown; path = README.md; sourceTree = "<group>"; };
/* End PBXFileReference section */

/* Begin PBXFrameworksBuildPhase section */
		08491B9020B010D1008D93AA /* Frameworks */ = {
			isa = PBXFrameworksBuildPhase;
			buildActionMask = 2147483647;
			files = (
				089426BF20B03D8200A4B6FF /* MVVM.framework in Frameworks */,
			);
			runOnlyForDeploymentPostprocessing = 0;
		};
		08491B9A20B010D1008D93AA /* Frameworks */ = {
			isa = PBXFrameworksBuildPhase;
			buildActionMask = 2147483647;
			files = (
				08491B9E20B010D1008D93AA /* ReMVVM.framework in Frameworks */,
				08FB77922152E72700283977 /* MVVM.framework in Frameworks */,
			);
			runOnlyForDeploymentPostprocessing = 0;
		};
/* End PBXFrameworksBuildPhase section */

/* Begin PBXGroup section */
		0832046E23B3A94800E18516 /* SwiftyRedux */ = {
			isa = PBXGroup;
			children = (
				0832046F23B3A94800E18516 /* Middleware */,
				0832047323B3A94800E18516 /* StoreAction.swift */,
				0832047423B3A94800E18516 /* Dispatcher.swift */,
				0832047523B3A94800E18516 /* Reducer.swift */,
				0832047623B3A94800E18516 /* StateObserver.swift */,
				0832047723B3A94800E18516 /* Subject */,
				0832047B23B3A94800E18516 /* StateMapper.swift */,
				0832047D23B3A94800E18516 /* StateAssociated.swift */,
				0832047E23B3A94800E18516 /* Store.swift */,
			);
			name = SwiftyRedux;
			path = Sources/Submodules/SwiftyRedux/SwiftyRedux/Sources;
			sourceTree = "<group>";
		};
		0832046F23B3A94800E18516 /* Middleware */ = {
			isa = PBXGroup;
			children = (
				0832047023B3A94800E18516 /* AnyMiddleware.swift */,
				0832047123B3A94800E18516 /* Interceptor.swift */,
				0832047223B3A94800E18516 /* Middleware.swift */,
			);
			path = Middleware;
			sourceTree = "<group>";
		};
		0832047723B3A94800E18516 /* Subject */ = {
			isa = PBXGroup;
			children = (
				0832047823B3A94800E18516 /* MockStateSubject.swift */,
				0832047923B3A94800E18516 /* Subject.swift */,
				0832047A23B3A94800E18516 /* StateSubject.swift */,
			);
			path = Subject;
			sourceTree = "<group>";
		};
		08491B8A20B010D1008D93AA = {
			isa = PBXGroup;
			children = (
				0832046D23B3A7D400E18516 /* Package.swift */,
				0845DB0B23A8297C0005DA37 /* .jazzy.json */,
				0845DB0523A8297C0005DA37 /* LICENSE */,
				08FA075F23A3E58A00BC9D70 /* README.md */,
				0832043D23B02A1F00E18516 /* CHANGELOG.md */,
				08491B9620B010D1008D93AA /* ReMVVM */,
				08491BA120B010D1008D93AA /* ReMVVMTests */,
				08491B9520B010D1008D93AA /* Products */,
				089426BC20B03D8100A4B6FF /* Frameworks */,
			);
			sourceTree = "<group>";
		};
		08491B9520B010D1008D93AA /* Products */ = {
			isa = PBXGroup;
			children = (
				08491B9420B010D1008D93AA /* ReMVVM.framework */,
				08491B9D20B010D1008D93AA /* ReMVVMTests.xctest */,
			);
			name = Products;
			sourceTree = "<group>";
		};
		08491B9620B010D1008D93AA /* ReMVVM */ = {
			isa = PBXGroup;
			children = (
				0832046E23B3A94800E18516 /* SwiftyRedux */,
				08491BB920B01127008D93AA /* Sources */,
				08491B9720B010D1008D93AA /* ReMVVM.h */,
				08491B9820B010D1008D93AA /* Info.plist */,
			);
			path = ReMVVM;
			sourceTree = "<group>";
		};
		08491BA120B010D1008D93AA /* ReMVVMTests */ = {
			isa = PBXGroup;
			children = (
				08491BA220B010D1008D93AA /* ReMVVMTests.swift */,
				08491BA420B010D1008D93AA /* Info.plist */,
			);
			path = ReMVVMTests;
			sourceTree = "<group>";
		};
		08491BB920B01127008D93AA /* Sources */ = {
			isa = PBXGroup;
			children = (
				08491BDE20B0202D008D93AA /* Factories */,
				08A3FCE821D94B4800DC601C /* ReMVVM.swift */,
				08A6D605239F0F0B00EF2F44 /* ReMVVMDriven.swift */,
				08B99D042162C9D7005627E9 /* StoreState.swift */,
				08491BD620B01F78008D93AA /* ViewModelProvider.swift */,
				08A6D609239F0FC100EF2F44 /* Provided.swift */,
				08491BD820B01FA2008D93AA /* ViewModelFactory.swift */,
				08B99D072162CA2F005627E9 /* Typealiases.swift */,
			);
			path = Sources;
			sourceTree = "<group>";
		};
		08491BDE20B0202D008D93AA /* Factories */ = {
			isa = PBXGroup;
			children = (
				08491BDF20B02074008D93AA /* SingleViewModelFactory.swift */,
				08491BDC20B02026008D93AA /* CompositeViewModelFactory.swift */,
				086E214D2127F2A700EF3A20 /* InitializableViewModelFactory.swift */,
			);
			path = Factories;
			sourceTree = "<group>";
		};
		089426BC20B03D8100A4B6FF /* Frameworks */ = {
			isa = PBXGroup;
			children = (
				089426BD20B03D8200A4B6FF /* MVVM.framework */,
			);
			name = Frameworks;
			sourceTree = "<group>";
		};
/* End PBXGroup section */

/* Begin PBXHeadersBuildPhase section */
		08491B9120B010D1008D93AA /* Headers */ = {
			isa = PBXHeadersBuildPhase;
			buildActionMask = 2147483647;
			files = (
				08491BA520B010D1008D93AA /* ReMVVM.h in Headers */,
			);
			runOnlyForDeploymentPostprocessing = 0;
		};
/* End PBXHeadersBuildPhase section */

/* Begin PBXNativeTarget section */
		08491B9320B010D1008D93AA /* ReMVVM */ = {
			isa = PBXNativeTarget;
			buildConfigurationList = 08491BA820B010D1008D93AA /* Build configuration list for PBXNativeTarget "ReMVVM" */;
			buildPhases = (
				08491B8F20B010D1008D93AA /* Sources */,
				08491B9020B010D1008D93AA /* Frameworks */,
				08491B9120B010D1008D93AA /* Headers */,
				08491B9220B010D1008D93AA /* Resources */,
			);
			buildRules = (
			);
			dependencies = (
			);
			name = ReMVVM;
			productName = ReMVVM;
			productReference = 08491B9420B010D1008D93AA /* ReMVVM.framework */;
			productType = "com.apple.product-type.framework";
		};
		08491B9C20B010D1008D93AA /* ReMVVMTests */ = {
			isa = PBXNativeTarget;
			buildConfigurationList = 08491BAB20B010D1008D93AA /* Build configuration list for PBXNativeTarget "ReMVVMTests" */;
			buildPhases = (
				08491B9920B010D1008D93AA /* Sources */,
				08491B9A20B010D1008D93AA /* Frameworks */,
				08491B9B20B010D1008D93AA /* Resources */,
			);
			buildRules = (
			);
			dependencies = (
				08491BA020B010D1008D93AA /* PBXTargetDependency */,
			);
			name = ReMVVMTests;
			productName = ReMVVMTests;
			productReference = 08491B9D20B010D1008D93AA /* ReMVVMTests.xctest */;
			productType = "com.apple.product-type.bundle.unit-test";
		};
/* End PBXNativeTarget section */

/* Begin PBXProject section */
		08491B8B20B010D1008D93AA /* Project object */ = {
			isa = PBXProject;
			attributes = {
				LastSwiftUpdateCheck = 0930;
				LastUpgradeCheck = 0930;
				ORGANIZATIONNAME = "Dariusz Grzeszczak";
				TargetAttributes = {
					08491B9320B010D1008D93AA = {
						CreatedOnToolsVersion = 9.3;
					};
					08491B9C20B010D1008D93AA = {
						CreatedOnToolsVersion = 9.3;
					};
				};
			};
			buildConfigurationList = 08491B8E20B010D1008D93AA /* Build configuration list for PBXProject "ReMVVM" */;
			compatibilityVersion = "Xcode 9.3";
			developmentRegion = en;
			hasScannedForEncodings = 0;
			knownRegions = (
				en,
				Base,
			);
			mainGroup = 08491B8A20B010D1008D93AA;
			productRefGroup = 08491B9520B010D1008D93AA /* Products */;
			projectDirPath = "";
			projectRoot = "";
			targets = (
				08491B9320B010D1008D93AA /* ReMVVM */,
				08491B9C20B010D1008D93AA /* ReMVVMTests */,
			);
		};
/* End PBXProject section */

/* Begin PBXResourcesBuildPhase section */
		08491B9220B010D1008D93AA /* Resources */ = {
			isa = PBXResourcesBuildPhase;
			buildActionMask = 2147483647;
			files = (
			);
			runOnlyForDeploymentPostprocessing = 0;
		};
		08491B9B20B010D1008D93AA /* Resources */ = {
			isa = PBXResourcesBuildPhase;
			buildActionMask = 2147483647;
			files = (
			);
			runOnlyForDeploymentPostprocessing = 0;
		};
/* End PBXResourcesBuildPhase section */

/* Begin PBXSourcesBuildPhase section */
		08491B8F20B010D1008D93AA /* Sources */ = {
			isa = PBXSourcesBuildPhase;
			buildActionMask = 2147483647;
			files = (
				0832048123B3A94800E18516 /* Middleware.swift in Sources */,
				08491BE020B02074008D93AA /* SingleViewModelFactory.swift in Sources */,
				0832048423B3A94800E18516 /* Reducer.swift in Sources */,
				0832048C23B3A94800E18516 /* Store.swift in Sources */,
				08491BDD20B02026008D93AA /* CompositeViewModelFactory.swift in Sources */,
				0832048523B3A94800E18516 /* StateObserver.swift in Sources */,
				08B99D082162CA2F005627E9 /* Typealiases.swift in Sources */,
				08491BD920B01FA2008D93AA /* ViewModelFactory.swift in Sources */,
				08A6D60A239F0FC100EF2F44 /* Provided.swift in Sources */,
				0832048723B3A94800E18516 /* Subject.swift in Sources */,
				0832048923B3A94800E18516 /* StateMapper.swift in Sources */,
				08A3FCE921D94B4800DC601C /* ReMVVM.swift in Sources */,
				0832048223B3A94800E18516 /* StoreAction.swift in Sources */,
				08A6D606239F0F0B00EF2F44 /* ReMVVMDriven.swift in Sources */,
				0832048023B3A94800E18516 /* Interceptor.swift in Sources */,
				0832048623B3A94800E18516 /* MockStateSubject.swift in Sources */,
				0832048823B3A94800E18516 /* StateSubject.swift in Sources */,
				08B99D052162C9D7005627E9 /* StoreState.swift in Sources */,
				0832047F23B3A94800E18516 /* AnyMiddleware.swift in Sources */,
				0832048B23B3A94800E18516 /* StateAssociated.swift in Sources */,
				08491BD720B01F78008D93AA /* ViewModelProvider.swift in Sources */,
				086E214E2127F2A700EF3A20 /* InitializableViewModelFactory.swift in Sources */,
				0832048323B3A94800E18516 /* Dispatcher.swift in Sources */,
			);
			runOnlyForDeploymentPostprocessing = 0;
		};
		08491B9920B010D1008D93AA /* Sources */ = {
			isa = PBXSourcesBuildPhase;
			buildActionMask = 2147483647;
			files = (
				08ADCDA5229C2654004CD357 /* ReMVVMTests.swift in Sources */,
			);
			runOnlyForDeploymentPostprocessing = 0;
		};
/* End PBXSourcesBuildPhase section */

/* Begin PBXTargetDependency section */
		08491BA020B010D1008D93AA /* PBXTargetDependency */ = {
			isa = PBXTargetDependency;
			target = 08491B9320B010D1008D93AA /* ReMVVM */;
			targetProxy = 08491B9F20B010D1008D93AA /* PBXContainerItemProxy */;
		};
/* End PBXTargetDependency section */

/* Begin XCBuildConfiguration section */
		08491BA620B010D1008D93AA /* Debug */ = {
			isa = XCBuildConfiguration;
			buildSettings = {
				ALWAYS_SEARCH_USER_PATHS = NO;
				CLANG_ANALYZER_NONNULL = YES;
				CLANG_ANALYZER_NUMBER_OBJECT_CONVERSION = YES_AGGRESSIVE;
				CLANG_CXX_LANGUAGE_STANDARD = "gnu++14";
				CLANG_CXX_LIBRARY = "libc++";
				CLANG_ENABLE_MODULES = YES;
				CLANG_ENABLE_OBJC_ARC = YES;
				CLANG_ENABLE_OBJC_WEAK = YES;
				CLANG_WARN_BLOCK_CAPTURE_AUTORELEASING = YES;
				CLANG_WARN_BOOL_CONVERSION = YES;
				CLANG_WARN_COMMA = YES;
				CLANG_WARN_CONSTANT_CONVERSION = YES;
				CLANG_WARN_DEPRECATED_OBJC_IMPLEMENTATIONS = YES;
				CLANG_WARN_DIRECT_OBJC_ISA_USAGE = YES_ERROR;
				CLANG_WARN_DOCUMENTATION_COMMENTS = YES;
				CLANG_WARN_EMPTY_BODY = YES;
				CLANG_WARN_ENUM_CONVERSION = YES;
				CLANG_WARN_INFINITE_RECURSION = YES;
				CLANG_WARN_INT_CONVERSION = YES;
				CLANG_WARN_NON_LITERAL_NULL_CONVERSION = YES;
				CLANG_WARN_OBJC_IMPLICIT_RETAIN_SELF = YES;
				CLANG_WARN_OBJC_LITERAL_CONVERSION = YES;
				CLANG_WARN_OBJC_ROOT_CLASS = YES_ERROR;
				CLANG_WARN_RANGE_LOOP_ANALYSIS = YES;
				CLANG_WARN_STRICT_PROTOTYPES = YES;
				CLANG_WARN_SUSPICIOUS_MOVE = YES;
				CLANG_WARN_UNGUARDED_AVAILABILITY = YES_AGGRESSIVE;
				CLANG_WARN_UNREACHABLE_CODE = YES;
				CLANG_WARN__DUPLICATE_METHOD_MATCH = YES;
				CODE_SIGN_IDENTITY = "iPhone Developer";
				COPY_PHASE_STRIP = NO;
				CURRENT_PROJECT_VERSION = 1;
				DEBUG_INFORMATION_FORMAT = dwarf;
				ENABLE_STRICT_OBJC_MSGSEND = YES;
				ENABLE_TESTABILITY = YES;
				GCC_C_LANGUAGE_STANDARD = gnu11;
				GCC_DYNAMIC_NO_PIC = NO;
				GCC_NO_COMMON_BLOCKS = YES;
				GCC_OPTIMIZATION_LEVEL = 0;
				GCC_PREPROCESSOR_DEFINITIONS = (
					"DEBUG=1",
					"$(inherited)",
				);
				GCC_WARN_64_TO_32_BIT_CONVERSION = YES;
				GCC_WARN_ABOUT_RETURN_TYPE = YES_ERROR;
				GCC_WARN_UNDECLARED_SELECTOR = YES;
				GCC_WARN_UNINITIALIZED_AUTOS = YES_AGGRESSIVE;
				GCC_WARN_UNUSED_FUNCTION = YES;
				GCC_WARN_UNUSED_VARIABLE = YES;
				IPHONEOS_DEPLOYMENT_TARGET = 9.0;
				MTL_ENABLE_DEBUG_INFO = YES;
				ONLY_ACTIVE_ARCH = YES;
				SDKROOT = iphoneos;
				SWIFT_ACTIVE_COMPILATION_CONDITIONS = DEBUG;
				SWIFT_OPTIMIZATION_LEVEL = "-Onone";
				SWIFT_VERSION = 5.0;
				VERSIONING_SYSTEM = "apple-generic";
				VERSION_INFO_PREFIX = "";
			};
			name = Debug;
		};
		08491BA720B010D1008D93AA /* Release */ = {
			isa = XCBuildConfiguration;
			buildSettings = {
				ALWAYS_SEARCH_USER_PATHS = NO;
				CLANG_ANALYZER_NONNULL = YES;
				CLANG_ANALYZER_NUMBER_OBJECT_CONVERSION = YES_AGGRESSIVE;
				CLANG_CXX_LANGUAGE_STANDARD = "gnu++14";
				CLANG_CXX_LIBRARY = "libc++";
				CLANG_ENABLE_MODULES = YES;
				CLANG_ENABLE_OBJC_ARC = YES;
				CLANG_ENABLE_OBJC_WEAK = YES;
				CLANG_WARN_BLOCK_CAPTURE_AUTORELEASING = YES;
				CLANG_WARN_BOOL_CONVERSION = YES;
				CLANG_WARN_COMMA = YES;
				CLANG_WARN_CONSTANT_CONVERSION = YES;
				CLANG_WARN_DEPRECATED_OBJC_IMPLEMENTATIONS = YES;
				CLANG_WARN_DIRECT_OBJC_ISA_USAGE = YES_ERROR;
				CLANG_WARN_DOCUMENTATION_COMMENTS = YES;
				CLANG_WARN_EMPTY_BODY = YES;
				CLANG_WARN_ENUM_CONVERSION = YES;
				CLANG_WARN_INFINITE_RECURSION = YES;
				CLANG_WARN_INT_CONVERSION = YES;
				CLANG_WARN_NON_LITERAL_NULL_CONVERSION = YES;
				CLANG_WARN_OBJC_IMPLICIT_RETAIN_SELF = YES;
				CLANG_WARN_OBJC_LITERAL_CONVERSION = YES;
				CLANG_WARN_OBJC_ROOT_CLASS = YES_ERROR;
				CLANG_WARN_RANGE_LOOP_ANALYSIS = YES;
				CLANG_WARN_STRICT_PROTOTYPES = YES;
				CLANG_WARN_SUSPICIOUS_MOVE = YES;
				CLANG_WARN_UNGUARDED_AVAILABILITY = YES_AGGRESSIVE;
				CLANG_WARN_UNREACHABLE_CODE = YES;
				CLANG_WARN__DUPLICATE_METHOD_MATCH = YES;
				CODE_SIGN_IDENTITY = "iPhone Developer";
				COPY_PHASE_STRIP = NO;
				CURRENT_PROJECT_VERSION = 1;
				DEBUG_INFORMATION_FORMAT = "dwarf-with-dsym";
				ENABLE_NS_ASSERTIONS = NO;
				ENABLE_STRICT_OBJC_MSGSEND = YES;
				GCC_C_LANGUAGE_STANDARD = gnu11;
				GCC_NO_COMMON_BLOCKS = YES;
				GCC_WARN_64_TO_32_BIT_CONVERSION = YES;
				GCC_WARN_ABOUT_RETURN_TYPE = YES_ERROR;
				GCC_WARN_UNDECLARED_SELECTOR = YES;
				GCC_WARN_UNINITIALIZED_AUTOS = YES_AGGRESSIVE;
				GCC_WARN_UNUSED_FUNCTION = YES;
				GCC_WARN_UNUSED_VARIABLE = YES;
				IPHONEOS_DEPLOYMENT_TARGET = 9.0;
				MTL_ENABLE_DEBUG_INFO = NO;
				SDKROOT = iphoneos;
				SWIFT_COMPILATION_MODE = wholemodule;
				SWIFT_OPTIMIZATION_LEVEL = "-O";
				SWIFT_VERSION = 5.0;
				VALIDATE_PRODUCT = YES;
				VERSIONING_SYSTEM = "apple-generic";
				VERSION_INFO_PREFIX = "";
			};
			name = Release;
		};
		08491BA920B010D1008D93AA /* Debug */ = {
			isa = XCBuildConfiguration;
			buildSettings = {
				CODE_SIGN_IDENTITY = "";
				CODE_SIGN_STYLE = Automatic;
				DEFINES_MODULE = YES;
				DYLIB_COMPATIBILITY_VERSION = 1;
				DYLIB_CURRENT_VERSION = 1;
				DYLIB_INSTALL_NAME_BASE = "@rpath";
				FRAMEWORK_SEARCH_PATHS = (
					"$(inherited)",
					"$(PROJECT_DIR)/Carthage/Build/iOS",
				);
				INFOPLIST_FILE = ReMVVM/Info.plist;
				INSTALL_PATH = "$(LOCAL_LIBRARY_DIR)/Frameworks";
				LD_RUNPATH_SEARCH_PATHS = (
					"$(inherited)",
					"@executable_path/Frameworks",
					"@loader_path/Frameworks",
				);
				PRODUCT_BUNDLE_IDENTIFIER = com.db.ReMVVM;
				PRODUCT_NAME = "$(TARGET_NAME:c99extidentifier)";
				SKIP_INSTALL = YES;
				TARGETED_DEVICE_FAMILY = "1,2";
			};
			name = Debug;
		};
		08491BAA20B010D1008D93AA /* Release */ = {
			isa = XCBuildConfiguration;
			buildSettings = {
				CODE_SIGN_IDENTITY = "";
				CODE_SIGN_STYLE = Automatic;
				DEFINES_MODULE = YES;
				DYLIB_COMPATIBILITY_VERSION = 1;
				DYLIB_CURRENT_VERSION = 1;
				DYLIB_INSTALL_NAME_BASE = "@rpath";
				FRAMEWORK_SEARCH_PATHS = (
					"$(inherited)",
					"$(PROJECT_DIR)/Carthage/Build/iOS",
				);
				INFOPLIST_FILE = ReMVVM/Info.plist;
				INSTALL_PATH = "$(LOCAL_LIBRARY_DIR)/Frameworks";
				LD_RUNPATH_SEARCH_PATHS = (
					"$(inherited)",
					"@executable_path/Frameworks",
					"@loader_path/Frameworks",
				);
				PRODUCT_BUNDLE_IDENTIFIER = com.db.ReMVVM;
				PRODUCT_NAME = "$(TARGET_NAME:c99extidentifier)";
				SKIP_INSTALL = YES;
				TARGETED_DEVICE_FAMILY = "1,2";
			};
			name = Release;
		};
		08491BAC20B010D1008D93AA /* Debug */ = {
			isa = XCBuildConfiguration;
			buildSettings = {
				ALWAYS_EMBED_SWIFT_STANDARD_LIBRARIES = YES;
				CODE_SIGN_STYLE = Automatic;
				FRAMEWORK_SEARCH_PATHS = (
					"$(inherited)",
					"$(PROJECT_DIR)/Carthage/Build/iOS",
				);
				INFOPLIST_FILE = ReMVVMTests/Info.plist;
				LD_RUNPATH_SEARCH_PATHS = (
					"$(inherited)",
					"@executable_path/Frameworks",
					"@loader_path/Frameworks",
					"$(PROJECT_DIR)/Carthage/Build/iOS",
				);
				PRODUCT_BUNDLE_IDENTIFIER = com.db.ReMVVMTests;
				PRODUCT_NAME = "$(TARGET_NAME)";
				TARGETED_DEVICE_FAMILY = "1,2";
			};
			name = Debug;
		};
		08491BAD20B010D1008D93AA /* Release */ = {
			isa = XCBuildConfiguration;
			buildSettings = {
				ALWAYS_EMBED_SWIFT_STANDARD_LIBRARIES = YES;
				CODE_SIGN_STYLE = Automatic;
				FRAMEWORK_SEARCH_PATHS = (
					"$(inherited)",
					"$(PROJECT_DIR)/Carthage/Build/iOS",
				);
				INFOPLIST_FILE = ReMVVMTests/Info.plist;
				LD_RUNPATH_SEARCH_PATHS = (
					"$(inherited)",
					"@executable_path/Frameworks",
					"@loader_path/Frameworks",
					"$(PROJECT_DIR)/Carthage/Build/iOS",
				);
				PRODUCT_BUNDLE_IDENTIFIER = com.db.ReMVVMTests;
				PRODUCT_NAME = "$(TARGET_NAME)";
				TARGETED_DEVICE_FAMILY = "1,2";
			};
			name = Release;
		};
/* End XCBuildConfiguration section */

/* Begin XCConfigurationList section */
		08491B8E20B010D1008D93AA /* Build configuration list for PBXProject "ReMVVM" */ = {
			isa = XCConfigurationList;
			buildConfigurations = (
				08491BA620B010D1008D93AA /* Debug */,
				08491BA720B010D1008D93AA /* Release */,
			);
			defaultConfigurationIsVisible = 0;
			defaultConfigurationName = Release;
		};
		08491BA820B010D1008D93AA /* Build configuration list for PBXNativeTarget "ReMVVM" */ = {
			isa = XCConfigurationList;
			buildConfigurations = (
				08491BA920B010D1008D93AA /* Debug */,
				08491BAA20B010D1008D93AA /* Release */,
			);
			defaultConfigurationIsVisible = 0;
			defaultConfigurationName = Release;
		};
		08491BAB20B010D1008D93AA /* Build configuration list for PBXNativeTarget "ReMVVMTests" */ = {
			isa = XCConfigurationList;
			buildConfigurations = (
				08491BAC20B010D1008D93AA /* Debug */,
				08491BAD20B010D1008D93AA /* Release */,
			);
			defaultConfigurationIsVisible = 0;
			defaultConfigurationName = Release;
		};
/* End XCConfigurationList section */
	};
	rootObject = 08491B8B20B010D1008D93AA /* Project object */;
}
