// !$*UTF8*$!
{
	archiveVersion = 1;
	classes = {
	};
	objectVersion = 52;
	objects = {

/* Begin PBXBuildFile section */
		08F6ACDE264C699900DF6316 /* SwiftPackages in Frameworks */ = {isa = PBXBuildFile; productRef = 08F6ACDD264C699900DF6316 /* SwiftPackages */; };
		08F6ACDF264C699900DF6316 /* SwiftPackages in Embed Frameworks */ = {isa = PBXBuildFile; productRef = 08F6ACDD264C699900DF6316 /* SwiftPackages */; settings = {ATTRIBUTES = (CodeSignOnCopy, ); }; };
		08FFCD4F21E72BE80088454D /* AppDelegate.swift in Sources */ = {isa = PBXBuildFile; fileRef = 08FFCD4E21E72BE80088454D /* AppDelegate.swift */; };
		08FFCD5121E72BE80088454D /* LoginViewController.swift in Sources */ = {isa = PBXBuildFile; fileRef = 08FFCD5021E72BE80088454D /* LoginViewController.swift */; };
		08FFCD5421E72BE80088454D /* Main.storyboard in Resources */ = {isa = PBXBuildFile; fileRef = 08FFCD5221E72BE80088454D /* Main.storyboard */; };
		08FFCD5621E72BED0088454D /* Assets.xcassets in Resources */ = {isa = PBXBuildFile; fileRef = 08FFCD5521E72BED0088454D /* Assets.xcassets */; };
		08FFCD5921E72BED0088454D /* LaunchScreen.storyboard in Resources */ = {isa = PBXBuildFile; fileRef = 08FFCD5721E72BED0088454D /* LaunchScreen.storyboard */; };
		08FFCD7121E92A560088454D /* GreetingsViewController.swift in Sources */ = {isa = PBXBuildFile; fileRef = 08FFCD7021E92A560088454D /* GreetingsViewController.swift */; };
		08FFCD7321E949CF0088454D /* LoginViewModel.swift in Sources */ = {isa = PBXBuildFile; fileRef = 08FFCD7221E949CF0088454D /* LoginViewModel.swift */; };
		08FFCD7521E949E00088454D /* GreetingsViewModel.swift in Sources */ = {isa = PBXBuildFile; fileRef = 08FFCD7421E949E00088454D /* GreetingsViewModel.swift */; };
		08FFCD7721E94A9A0088454D /* LoginAction.swift in Sources */ = {isa = PBXBuildFile; fileRef = 08FFCD7621E94A9A0088454D /* LoginAction.swift */; };
		08FFCD7921E94B1D0088454D /* LogoutAction.swift in Sources */ = {isa = PBXBuildFile; fileRef = 08FFCD7821E94B1D0088454D /* LogoutAction.swift */; };
		08FFCD7B21E94B900088454D /* AppState.swift in Sources */ = {isa = PBXBuildFile; fileRef = 08FFCD7A21E94B900088454D /* AppState.swift */; };
/* End PBXBuildFile section */

/* Begin PBXCopyFilesBuildPhase section */
		08F6ACE0264C699900DF6316 /* Embed Frameworks */ = {
			isa = PBXCopyFilesBuildPhase;
			buildActionMask = 2147483647;
			dstPath = "";
			dstSubfolderSpec = 10;
			files = (
				08F6ACDF264C699900DF6316 /* SwiftPackages in Embed Frameworks */,
			);
			name = "Embed Frameworks";
			runOnlyForDeploymentPostprocessing = 0;
		};
/* End PBXCopyFilesBuildPhase section */

/* Begin PBXFileReference section */
		08F6ACDC264C687A00DF6316 /* SwiftPackages */ = {isa = PBXFileReference; lastKnownFileType = folder; name = SwiftPackages; path = ReMVVMBasicExample/SwiftPackages/SwiftPackages; sourceTree = "<group>"; };
		08FFCD4B21E72BE80088454D /* ReMVVMBasicExample.app */ = {isa = PBXFileReference; explicitFileType = wrapper.application; includeInIndex = 0; path = ReMVVMBasicExample.app; sourceTree = BUILT_PRODUCTS_DIR; };
		08FFCD4E21E72BE80088454D /* AppDelegate.swift */ = {isa = PBXFileReference; lastKnownFileType = sourcecode.swift; path = AppDelegate.swift; sourceTree = "<group>"; };
		08FFCD5021E72BE80088454D /* LoginViewController.swift */ = {isa = PBXFileReference; lastKnownFileType = sourcecode.swift; path = LoginViewController.swift; sourceTree = "<group>"; };
		08FFCD5321E72BE80088454D /* Base */ = {isa = PBXFileReference; lastKnownFileType = file.storyboard; name = Base; path = Base.lproj/Main.storyboard; sourceTree = "<group>"; };
		08FFCD5521E72BED0088454D /* Assets.xcassets */ = {isa = PBXFileReference; lastKnownFileType = folder.assetcatalog; path = Assets.xcassets; sourceTree = "<group>"; };
		08FFCD5821E72BED0088454D /* Base */ = {isa = PBXFileReference; lastKnownFileType = file.storyboard; name = Base; path = Base.lproj/LaunchScreen.storyboard; sourceTree = "<group>"; };
		08FFCD5A21E72BED0088454D /* Info.plist */ = {isa = PBXFileReference; lastKnownFileType = text.plist.xml; path = Info.plist; sourceTree = "<group>"; };
		08FFCD7021E92A560088454D /* GreetingsViewController.swift */ = {isa = PBXFileReference; fileEncoding = 4; lastKnownFileType = sourcecode.swift; path = GreetingsViewController.swift; sourceTree = "<group>"; };
		08FFCD7221E949CF0088454D /* LoginViewModel.swift */ = {isa = PBXFileReference; lastKnownFileType = sourcecode.swift; path = LoginViewModel.swift; sourceTree = "<group>"; };
		08FFCD7421E949E00088454D /* GreetingsViewModel.swift */ = {isa = PBXFileReference; lastKnownFileType = sourcecode.swift; path = GreetingsViewModel.swift; sourceTree = "<group>"; };
		08FFCD7621E94A9A0088454D /* LoginAction.swift */ = {isa = PBXFileReference; lastKnownFileType = sourcecode.swift; path = LoginAction.swift; sourceTree = "<group>"; };
		08FFCD7821E94B1D0088454D /* LogoutAction.swift */ = {isa = PBXFileReference; lastKnownFileType = sourcecode.swift; path = LogoutAction.swift; sourceTree = "<group>"; };
		08FFCD7A21E94B900088454D /* AppState.swift */ = {isa = PBXFileReference; lastKnownFileType = sourcecode.swift; path = AppState.swift; sourceTree = "<group>"; };
/* End PBXFileReference section */

/* Begin PBXFrameworksBuildPhase section */
		08FFCD4821E72BE80088454D /* Frameworks */ = {
			isa = PBXFrameworksBuildPhase;
			buildActionMask = 2147483647;
			files = (
				08F6ACDE264C699900DF6316 /* SwiftPackages in Frameworks */,
			);
			runOnlyForDeploymentPostprocessing = 0;
		};
/* End PBXFrameworksBuildPhase section */

/* Begin PBXGroup section */
		08FFCD4221E72BE80088454D = {
			isa = PBXGroup;
			children = (
				08F6ACDC264C687A00DF6316 /* SwiftPackages */,
				08FFCD4D21E72BE80088454D /* ReMVVMBasicExample */,
				08FFCD4C21E72BE80088454D /* Products */,
				08FFCD6221E7EB050088454D /* Frameworks */,
			);
			sourceTree = "<group>";
		};
		08FFCD4C21E72BE80088454D /* Products */ = {
			isa = PBXGroup;
			children = (
				08FFCD4B21E72BE80088454D /* ReMVVMBasicExample.app */,
			);
			name = Products;
			sourceTree = "<group>";
		};
		08FFCD4D21E72BE80088454D /* ReMVVMBasicExample */ = {
			isa = PBXGroup;
			children = (
				08FFCD7A21E94B900088454D /* AppState.swift */,
				08FFCD4E21E72BE80088454D /* AppDelegate.swift */,
				08FFCD5021E72BE80088454D /* LoginViewController.swift */,
				08FFCD7221E949CF0088454D /* LoginViewModel.swift */,
				08FFCD7621E94A9A0088454D /* LoginAction.swift */,
				08FFCD7021E92A560088454D /* GreetingsViewController.swift */,
				08FFCD7421E949E00088454D /* GreetingsViewModel.swift */,
				08FFCD7821E94B1D0088454D /* LogoutAction.swift */,
				08FFCD5221E72BE80088454D /* Main.storyboard */,
				08FFCD5521E72BED0088454D /* Assets.xcassets */,
				08FFCD5721E72BED0088454D /* LaunchScreen.storyboard */,
				08FFCD5A21E72BED0088454D /* Info.plist */,
			);
			path = ReMVVMBasicExample;
			sourceTree = "<group>";
		};
		08FFCD6221E7EB050088454D /* Frameworks */ = {
			isa = PBXGroup;
			children = (
			);
			name = Frameworks;
			sourceTree = "<group>";
		};
/* End PBXGroup section */

/* Begin PBXNativeTarget section */
		08FFCD4A21E72BE80088454D /* ReMVVMBasicExample */ = {
			isa = PBXNativeTarget;
			buildConfigurationList = 08FFCD5D21E72BED0088454D /* Build configuration list for PBXNativeTarget "ReMVVMBasicExample" */;
			buildPhases = (
				08FFCD4721E72BE80088454D /* Sources */,
				08FFCD4821E72BE80088454D /* Frameworks */,
				08FFCD4921E72BE80088454D /* Resources */,
				08F6ACE0264C699900DF6316 /* Embed Frameworks */,
			);
			buildRules = (
			);
			dependencies = (
			);
			name = ReMVVMBasicExample;
			packageProductDependencies = (
				08F6ACDD264C699900DF6316 /* SwiftPackages */,
			);
			productName = ReMVVMBasicExample;
			productReference = 08FFCD4B21E72BE80088454D /* ReMVVMBasicExample.app */;
			productType = "com.apple.product-type.application";
		};
/* End PBXNativeTarget section */

/* Begin PBXProject section */
		08FFCD4321E72BE80088454D /* Project object */ = {
			isa = PBXProject;
			attributes = {
				LastSwiftUpdateCheck = 1010;
				LastUpgradeCheck = 1250;
				ORGANIZATIONNAME = "Dariusz Grzeszczak";
				TargetAttributes = {
					08FFCD4A21E72BE80088454D = {
						CreatedOnToolsVersion = 10.1;
					};
				};
			};
			buildConfigurationList = 08FFCD4621E72BE80088454D /* Build configuration list for PBXProject "ReMVVMBasicExample" */;
			compatibilityVersion = "Xcode 9.3";
			developmentRegion = en;
			hasScannedForEncodings = 0;
			knownRegions = (
				en,
				Base,
			);
			mainGroup = 08FFCD4221E72BE80088454D;
			productRefGroup = 08FFCD4C21E72BE80088454D /* Products */;
			projectDirPath = "";
			projectRoot = "";
			targets = (
				08FFCD4A21E72BE80088454D /* ReMVVMBasicExample */,
			);
		};
/* End PBXProject section */

/* Begin PBXResourcesBuildPhase section */
		08FFCD4921E72BE80088454D /* Resources */ = {
			isa = PBXResourcesBuildPhase;
			buildActionMask = 2147483647;
			files = (
				08FFCD5921E72BED0088454D /* LaunchScreen.storyboard in Resources */,
				08FFCD5621E72BED0088454D /* Assets.xcassets in Resources */,
				08FFCD5421E72BE80088454D /* Main.storyboard in Resources */,
			);
			runOnlyForDeploymentPostprocessing = 0;
		};
/* End PBXResourcesBuildPhase section */

/* Begin PBXSourcesBuildPhase section */
		08FFCD4721E72BE80088454D /* Sources */ = {
			isa = PBXSourcesBuildPhase;
			buildActionMask = 2147483647;
			files = (
				08FFCD7321E949CF0088454D /* LoginViewModel.swift in Sources */,
				08FFCD5121E72BE80088454D /* LoginViewController.swift in Sources */,
				08FFCD7121E92A560088454D /* GreetingsViewController.swift in Sources */,
				08FFCD7B21E94B900088454D /* AppState.swift in Sources */,
				08FFCD7721E94A9A0088454D /* LoginAction.swift in Sources */,
				08FFCD7921E94B1D0088454D /* LogoutAction.swift in Sources */,
				08FFCD4F21E72BE80088454D /* AppDelegate.swift in Sources */,
				08FFCD7521E949E00088454D /* GreetingsViewModel.swift in Sources */,
			);
			runOnlyForDeploymentPostprocessing = 0;
		};
/* End PBXSourcesBuildPhase section */

/* Begin PBXVariantGroup section */
		08FFCD5221E72BE80088454D /* Main.storyboard */ = {
			isa = PBXVariantGroup;
			children = (
				08FFCD5321E72BE80088454D /* Base */,
			);
			name = Main.storyboard;
			sourceTree = "<group>";
		};
		08FFCD5721E72BED0088454D /* LaunchScreen.storyboard */ = {
			isa = PBXVariantGroup;
			children = (
				08FFCD5821E72BED0088454D /* Base */,
			);
			name = LaunchScreen.storyboard;
			sourceTree = "<group>";
		};
/* End PBXVariantGroup section */

/* Begin XCBuildConfiguration section */
		08FFCD5B21E72BED0088454D /* Debug */ = {
			isa = XCBuildConfiguration;
			buildSettings = {
				ALWAYS_SEARCH_USER_PATHS = NO;
				CLANG_ANALYZER_NONNULL = YES;
				CLANG_ANALYZER_NUMBER_OBJECT_CONVERSION = YES_AGGRESSIVE;
				CLANG_CXX_LANGUAGE_STANDARD = "gnu++14";
				CLANG_CXX_LIBRARY = "libc++";
				CLANG_ENABLE_MODULES = YES;
				CLANG_ENABLE_OBJC_ARC = YES;
				CLANG_ENABLE_OBJC_WEAK = YES;
				CLANG_WARN_BLOCK_CAPTURE_AUTORELEASING = YES;
				CLANG_WARN_BOOL_CONVERSION = YES;
				CLANG_WARN_COMMA = YES;
				CLANG_WARN_CONSTANT_CONVERSION = YES;
				CLANG_WARN_DEPRECATED_OBJC_IMPLEMENTATIONS = YES;
				CLANG_WARN_DIRECT_OBJC_ISA_USAGE = YES_ERROR;
				CLANG_WARN_DOCUMENTATION_COMMENTS = YES;
				CLANG_WARN_EMPTY_BODY = YES;
				CLANG_WARN_ENUM_CONVERSION = YES;
				CLANG_WARN_INFINITE_RECURSION = YES;
				CLANG_WARN_INT_CONVERSION = YES;
				CLANG_WARN_NON_LITERAL_NULL_CONVERSION = YES;
				CLANG_WARN_OBJC_IMPLICIT_RETAIN_SELF = YES;
				CLANG_WARN_OBJC_LITERAL_CONVERSION = YES;
				CLANG_WARN_OBJC_ROOT_CLASS = YES_ERROR;
				CLANG_WARN_QUOTED_INCLUDE_IN_FRAMEWORK_HEADER = YES;
				CLANG_WARN_RANGE_LOOP_ANALYSIS = YES;
				CLANG_WARN_STRICT_PROTOTYPES = YES;
				CLANG_WARN_SUSPICIOUS_MOVE = YES;
				CLANG_WARN_UNGUARDED_AVAILABILITY = YES_AGGRESSIVE;
				CLANG_WARN_UNREACHABLE_CODE = YES;
				CLANG_WARN__DUPLICATE_METHOD_MATCH = YES;
				CODE_SIGN_IDENTITY = "iPhone Developer";
				COPY_PHASE_STRIP = NO;
				DEBUG_INFORMATION_FORMAT = dwarf;
				ENABLE_STRICT_OBJC_MSGSEND = YES;
				ENABLE_TESTABILITY = YES;
				GCC_C_LANGUAGE_STANDARD = gnu11;
				GCC_DYNAMIC_NO_PIC = NO;
				GCC_NO_COMMON_BLOCKS = YES;
				GCC_OPTIMIZATION_LEVEL = 0;
				GCC_PREPROCESSOR_DEFINITIONS = (
					"DEBUG=1",
					"$(inherited)",
				);
				GCC_WARN_64_TO_32_BIT_CONVERSION = YES;
				GCC_WARN_ABOUT_RETURN_TYPE = YES_ERROR;
				GCC_WARN_UNDECLARED_SELECTOR = YES;
				GCC_WARN_UNINITIALIZED_AUTOS = YES_AGGRESSIVE;
				GCC_WARN_UNUSED_FUNCTION = YES;
				GCC_WARN_UNUSED_VARIABLE = YES;
				IPHONEOS_DEPLOYMENT_TARGET = 12.1;
				MTL_ENABLE_DEBUG_INFO = INCLUDE_SOURCE;
				MTL_FAST_MATH = YES;
				ONLY_ACTIVE_ARCH = YES;
				SDKROOT = iphoneos;
				SWIFT_ACTIVE_COMPILATION_CONDITIONS = DEBUG;
				SWIFT_OPTIMIZATION_LEVEL = "-Onone";
				SWIFT_VERSION = 5.0;
			};
			name = Debug;
		};
		08FFCD5C21E72BED0088454D /* Release */ = {
			isa = XCBuildConfiguration;
			buildSettings = {
				ALWAYS_SEARCH_USER_PATHS = NO;
				CLANG_ANALYZER_NONNULL = YES;
				CLANG_ANALYZER_NUMBER_OBJECT_CONVERSION = YES_AGGRESSIVE;
				CLANG_CXX_LANGUAGE_STANDARD = "gnu++14";
				CLANG_CXX_LIBRARY = "libc++";
				CLANG_ENABLE_MODULES = YES;
				CLANG_ENABLE_OBJC_ARC = YES;
				CLANG_ENABLE_OBJC_WEAK = YES;
				CLANG_WARN_BLOCK_CAPTURE_AUTORELEASING = YES;
				CLANG_WARN_BOOL_CONVERSION = YES;
				CLANG_WARN_COMMA = YES;
				CLANG_WARN_CONSTANT_CONVERSION = YES;
				CLANG_WARN_DEPRECATED_OBJC_IMPLEMENTATIONS = YES;
				CLANG_WARN_DIRECT_OBJC_ISA_USAGE = YES_ERROR;
				CLANG_WARN_DOCUMENTATION_COMMENTS = YES;
				CLANG_WARN_EMPTY_BODY = YES;
				CLANG_WARN_ENUM_CONVERSION = YES;
				CLANG_WARN_INFINITE_RECURSION = YES;
				CLANG_WARN_INT_CONVERSION = YES;
				CLANG_WARN_NON_LITERAL_NULL_CONVERSION = YES;
				CLANG_WARN_OBJC_IMPLICIT_RETAIN_SELF = YES;
				CLANG_WARN_OBJC_LITERAL_CONVERSION = YES;
				CLANG_WARN_OBJC_ROOT_CLASS = YES_ERROR;
				CLANG_WARN_QUOTED_INCLUDE_IN_FRAMEWORK_HEADER = YES;
				CLANG_WARN_RANGE_LOOP_ANALYSIS = YES;
				CLANG_WARN_STRICT_PROTOTYPES = YES;
				CLANG_WARN_SUSPICIOUS_MOVE = YES;
				CLANG_WARN_UNGUARDED_AVAILABILITY = YES_AGGRESSIVE;
				CLANG_WARN_UNREACHABLE_CODE = YES;
				CLANG_WARN__DUPLICATE_METHOD_MATCH = YES;
				CODE_SIGN_IDENTITY = "iPhone Developer";
				COPY_PHASE_STRIP = NO;
				DEBUG_INFORMATION_FORMAT = "dwarf-with-dsym";
				ENABLE_NS_ASSERTIONS = NO;
				ENABLE_STRICT_OBJC_MSGSEND = YES;
				GCC_C_LANGUAGE_STANDARD = gnu11;
				GCC_NO_COMMON_BLOCKS = YES;
				GCC_WARN_64_TO_32_BIT_CONVERSION = YES;
				GCC_WARN_ABOUT_RETURN_TYPE = YES_ERROR;
				GCC_WARN_UNDECLARED_SELECTOR = YES;
				GCC_WARN_UNINITIALIZED_AUTOS = YES_AGGRESSIVE;
				GCC_WARN_UNUSED_FUNCTION = YES;
				GCC_WARN_UNUSED_VARIABLE = YES;
				IPHONEOS_DEPLOYMENT_TARGET = 12.1;
				MTL_ENABLE_DEBUG_INFO = NO;
				MTL_FAST_MATH = YES;
				SDKROOT = iphoneos;
				SWIFT_COMPILATION_MODE = wholemodule;
				SWIFT_OPTIMIZATION_LEVEL = "-O";
				SWIFT_VERSION = 5.0;
				VALIDATE_PRODUCT = YES;
			};
			name = Release;
		};
		08FFCD5E21E72BED0088454D /* Debug */ = {
			isa = XCBuildConfiguration;
			buildSettings = {
				ASSETCATALOG_COMPILER_APPICON_NAME = AppIcon;
				CODE_SIGN_STYLE = Automatic;
				FRAMEWORK_SEARCH_PATHS = (
					"$(inherited)",
					"$(PROJECT_DIR)/Carthage/Build/iOS",
				);
				INFOPLIST_FILE = ReMVVMBasicExample/Info.plist;
				LD_RUNPATH_SEARCH_PATHS = (
					"$(inherited)",
					"@executable_path/Frameworks",
				);
				PRODUCT_BUNDLE_IDENTIFIER = db.ReMVVMBasicExample;
				PRODUCT_NAME = "$(TARGET_NAME)";
				TARGETED_DEVICE_FAMILY = "1,2";
			};
			name = Debug;
		};
		08FFCD5F21E72BED0088454D /* Release */ = {
			isa = XCBuildConfiguration;
			buildSettings = {
				ASSETCATALOG_COMPILER_APPICON_NAME = AppIcon;
				CODE_SIGN_STYLE = Automatic;
				FRAMEWORK_SEARCH_PATHS = (
					"$(inherited)",
					"$(PROJECT_DIR)/Carthage/Build/iOS",
				);
				INFOPLIST_FILE = ReMVVMBasicExample/Info.plist;
				LD_RUNPATH_SEARCH_PATHS = (
					"$(inherited)",
					"@executable_path/Frameworks",
				);
				PRODUCT_BUNDLE_IDENTIFIER = db.ReMVVMBasicExample;
				PRODUCT_NAME = "$(TARGET_NAME)";
				TARGETED_DEVICE_FAMILY = "1,2";
			};
			name = Release;
		};
/* End XCBuildConfiguration section */

/* Begin XCConfigurationList section */
		08FFCD4621E72BE80088454D /* Build configuration list for PBXProject "ReMVVMBasicExample" */ = {
			isa = XCConfigurationList;
			buildConfigurations = (
				08FFCD5B21E72BED0088454D /* Debug */,
				08FFCD5C21E72BED0088454D /* Release */,
			);
			defaultConfigurationIsVisible = 0;
			defaultConfigurationName = Release;
		};
		08FFCD5D21E72BED0088454D /* Build configuration list for PBXNativeTarget "ReMVVMBasicExample" */ = {
			isa = XCConfigurationList;
			buildConfigurations = (
				08FFCD5E21E72BED0088454D /* Debug */,
				08FFCD5F21E72BED0088454D /* Release */,
			);
			defaultConfigurationIsVisible = 0;
			defaultConfigurationName = Release;
		};
/* End XCConfigurationList section */

/* Begin XCSwiftPackageProductDependency section */
		08F6ACDD264C699900DF6316 /* SwiftPackages */ = {
			isa = XCSwiftPackageProductDependency;
			productName = SwiftPackages;
		};
/* End XCSwiftPackageProductDependency section */
	};
	rootObject = 08FFCD4321E72BE80088454D /* Project object */;
}
